
Microsoft Visual Studio Solution File, Format Version 12.00
# Visual Studio Version 16
VisualStudioVersion = 16.0.30204.135
MinimumVisualStudioVersion = 10.0.40219.1
Project("{FAE04EC0-301F-11D3-BF4B-00C04F79EFBC}") = "xf3013", "xf3013\xf3013\xf3013.csproj", "{342C515D-1543-406E-B973-B58052CECB8F}"
EndProject
Project("{FAE04EC0-301F-11D3-BF4B-00C04F79EFBC}") = "xf3013.Android", "xf3013\xf3013.Android\xf3013.Android.csproj", "{A15CA650-F72E-4A17-8315-FA8FBF98BC3D}"
EndProject
Project("{FAE04EC0-301F-11D3-BF4B-00C04F79EFBC}") = "xf3013.iOS", "xf3013\xf3013.iOS\xf3013.iOS.csproj", "{9CACC47D-677F-4008-B438-106A2E90EBCA}"
EndProject
Global
	GlobalSection(SolutionConfigurationPlatforms) = preSolution
		Ad-Hoc|Any CPU = Ad-Hoc|Any CPU
		Ad-Hoc|iPhone = Ad-Hoc|iPhone
		Ad-Hoc|iPhoneSimulator = Ad-Hoc|iPhoneSimulator
		AppStore|Any CPU = AppStore|Any CPU
		AppStore|iPhone = AppStore|iPhone
		AppStore|iPhoneSimulator = AppStore|iPhoneSimulator
		Debug|Any CPU = Debug|Any CPU
		Debug|iPhone = Debug|iPhone
		Debug|iPhoneSimulator = Debug|iPhoneSimulator
		Release|Any CPU = Release|Any CPU
		Release|iPhone = Release|iPhone
		Release|iPhoneSimulator = Release|iPhoneSimulator
	EndGlobalSection
	GlobalSection(ProjectConfigurationPlatforms) = postSolution
		{342C515D-1543-406E-B973-B58052CECB8F}.Ad-Hoc|Any CPU.ActiveCfg = Debug|Any CPU
		{342C515D-1543-406E-B973-B58052CECB8F}.Ad-Hoc|Any CPU.Build.0 = Debug|Any CPU
		{342C515D-1543-406E-B973-B58052CECB8F}.Ad-Hoc|iPhone.ActiveCfg = Debug|Any CPU
		{342C515D-1543-406E-B973-B58052CECB8F}.Ad-Hoc|iPhone.Build.0 = Debug|Any CPU
		{342C515D-1543-406E-B973-B58052CECB8F}.Ad-Hoc|iPhoneSimulator.ActiveCfg = Debug|Any CPU
		{342C515D-1543-406E-B973-B58052CECB8F}.Ad-Hoc|iPhoneSimulator.Build.0 = Debug|Any CPU
		{342C515D-1543-406E-B973-B58052CECB8F}.AppStore|Any CPU.ActiveCfg = Debug|Any CPU
		{342C515D-1543-406E-B973-B58052CECB8F}.AppStore|Any CPU.Build.0 = Debug|Any CPU
		{342C515D-1543-406E-B973-B58052CECB8F}.AppStore|iPhone.ActiveCfg = Debug|Any CPU
		{342C515D-1543-406E-B973-B58052CECB8F}.AppStore|iPhone.Build.0 = Debug|Any CPU
		{342C515D-1543-406E-B973-B58052CECB8F}.AppStore|iPhoneSimulator.ActiveCfg = Debug|Any CPU
		{342C515D-1543-406E-B973-B58052CECB8F}.AppStore|iPhoneSimulator.Build.0 = Debug|Any CPU
		{342C515D-1543-406E-B973-B58052CECB8F}.Debug|Any CPU.ActiveCfg = Debug|Any CPU
		{342C515D-1543-406E-B973-B58052CECB8F}.Debug|Any CPU.Build.0 = Debug|Any CPU
		{342C515D-1543-406E-B973-B58052CECB8F}.Debug|iPhone.ActiveCfg = Debug|Any CPU
		{342C515D-1543-406E-B973-B58052CECB8F}.Debug|iPhone.Build.0 = Debug|Any CPU
		{342C515D-1543-406E-B973-B58052CECB8F}.Debug|iPhoneSimulator.ActiveCfg = Debug|Any CPU
		{342C515D-1543-406E-B973-B58052CECB8F}.Debug|iPhoneSimulator.Build.0 = Debug|Any CPU
		{342C515D-1543-406E-B973-B58052CECB8F}.Release|Any CPU.ActiveCfg = Release|Any CPU
		{342C515D-1543-406E-B973-B58052CECB8F}.Release|Any CPU.Build.0 = Release|Any CPU
		{342C515D-1543-406E-B973-B58052CECB8F}.Release|iPhone.ActiveCfg = Release|Any CPU
		{342C515D-1543-406E-B973-B58052CECB8F}.Release|iPhone.Build.0 = Release|Any CPU
		{342C515D-1543-406E-B973-B58052CECB8F}.Release|iPhoneSimulator.ActiveCfg = Release|Any CPU
		{342C515D-1543-406E-B973-B58052CECB8F}.Release|iPhoneSimulator.Build.0 = Release|Any CPU
		{A15CA650-F72E-4A17-8315-FA8FBF98BC3D}.Ad-Hoc|Any CPU.ActiveCfg = Release|Any CPU
		{A15CA650-F72E-4A17-8315-FA8FBF98BC3D}.Ad-Hoc|Any CPU.Build.0 = Release|Any CPU
		{A15CA650-F72E-4A17-8315-FA8FBF98BC3D}.Ad-Hoc|Any CPU.Deploy.0 = Release|Any CPU
		{A15CA650-F72E-4A17-8315-FA8FBF98BC3D}.Ad-Hoc|iPhone.ActiveCfg = Release|Any CPU
		{A15CA650-F72E-4A17-8315-FA8FBF98BC3D}.Ad-Hoc|iPhone.Build.0 = Release|Any CPU
		{A15CA650-F72E-4A17-8315-FA8FBF98BC3D}.Ad-Hoc|iPhone.Deploy.0 = Release|Any CPU
		{A15CA650-F72E-4A17-8315-FA8FBF98BC3D}.Ad-Hoc|iPhoneSimulator.ActiveCfg = Release|Any CPU
		{A15CA650-F72E-4A17-8315-FA8FBF98BC3D}.Ad-Hoc|iPhoneSimulator.Build.0 = Release|Any CPU
		{A15CA650-F72E-4A17-8315-FA8FBF98BC3D}.Ad-Hoc|iPhoneSimulator.Deploy.0 = Release|Any CPU
		{A15CA650-F72E-4A17-8315-FA8FBF98BC3D}.AppStore|Any CPU.ActiveCfg = Release|Any CPU
		{A15CA650-F72E-4A17-8315-FA8FBF98BC3D}.AppStore|Any CPU.Build.0 = Release|Any CPU
		{A15CA650-F72E-4A17-8315-FA8FBF98BC3D}.AppStore|Any CPU.Deploy.0 = Release|Any CPU
		{A15CA650-F72E-4A17-8315-FA8FBF98BC3D}.AppStore|iPhone.ActiveCfg = Release|Any CPU
		{A15CA650-F72E-4A17-8315-FA8FBF98BC3D}.AppStore|iPhone.Build.0 = Release|Any CPU
		{A15CA650-F72E-4A17-8315-FA8FBF98BC3D}.AppStore|iPhone.Deploy.0 = Release|Any CPU
		{A15CA650-F72E-4A17-8315-FA8FBF98BC3D}.AppStore|iPhoneSimulator.ActiveCfg = Release|Any CPU
		{A15CA650-F72E-4A17-8315-FA8FBF98BC3D}.AppStore|iPhoneSimulator.Build.0 = Release|Any CPU
		{A15CA650-F72E-4A17-8315-FA8FBF98BC3D}.AppStore|iPhoneSimulator.Deploy.0 = Release|Any CPU
		{A15CA650-F72E-4A17-8315-FA8FBF98BC3D}.Debug|Any CPU.ActiveCfg = Debug|Any CPU
		{A15CA650-F72E-4A17-8315-FA8FBF98BC3D}.Debug|Any CPU.Build.0 = Debug|Any CPU
		{A15CA650-F72E-4A17-8315-FA8FBF98BC3D}.Debug|Any CPU.Deploy.0 = Debug|Any CPU
		{A15CA650-F72E-4A17-8315-FA8FBF98BC3D}.Debug|iPhone.ActiveCfg = Debug|Any CPU
		{A15CA650-F72E-4A17-8315-FA8FBF98BC3D}.Debug|iPhone.Build.0 = Debug|Any CPU
		{A15CA650-F72E-4A17-8315-FA8FBF98BC3D}.Debug|iPhone.Deploy.0 = Debug|Any CPU
		{A15CA650-F72E-4A17-8315-FA8FBF98BC3D}.Debug|iPhoneSimulator.ActiveCfg = Debug|Any CPU
		{A15CA650-F72E-4A17-8315-FA8FBF98BC3D}.Debug|iPhoneSimulator.Build.0 = Debug|Any CPU
		{A15CA650-F72E-4A17-8315-FA8FBF98BC3D}.Debug|iPhoneSimulator.Deploy.0 = Debug|Any CPU
		{A15CA650-F72E-4A17-8315-FA8FBF98BC3D}.Release|Any CPU.ActiveCfg = Release|Any CPU
		{A15CA650-F72E-4A17-8315-FA8FBF98BC3D}.Release|Any CPU.Build.0 = Release|Any CPU
		{A15CA650-F72E-4A17-8315-FA8FBF98BC3D}.Release|Any CPU.Deploy.0 = Release|Any CPU
		{A15CA650-F72E-4A17-8315-FA8FBF98BC3D}.Release|iPhone.ActiveCfg = Release|Any CPU
		{A15CA650-F72E-4A17-8315-FA8FBF98BC3D}.Release|iPhone.Build.0 = Release|Any CPU
		{A15CA650-F72E-4A17-8315-FA8FBF98BC3D}.Release|iPhone.Deploy.0 = Release|Any CPU
		{A15CA650-F72E-4A17-8315-FA8FBF98BC3D}.Release|iPhoneSimulator.ActiveCfg = Release|Any CPU
		{A15CA650-F72E-4A17-8315-FA8FBF98BC3D}.Release|iPhoneSimulator.Build.0 = Release|Any CPU
		{A15CA650-F72E-4A17-8315-FA8FBF98BC3D}.Release|iPhoneSimulator.Deploy.0 = Release|Any CPU
		{9CACC47D-677F-4008-B438-106A2E90EBCA}.Ad-Hoc|Any CPU.ActiveCfg = Ad-Hoc|iPhone
		{9CACC47D-677F-4008-B438-106A2E90EBCA}.Ad-Hoc|iPhone.ActiveCfg = Ad-Hoc|iPhone
		{9CACC47D-677F-4008-B438-106A2E90EBCA}.Ad-Hoc|iPhone.Build.0 = Ad-Hoc|iPhone
		{9CACC47D-677F-4008-B438-106A2E90EBCA}.Ad-Hoc|iPhoneSimulator.ActiveCfg = Ad-Hoc|iPhoneSimulator
		{9CACC47D-677F-4008-B438-106A2E90EBCA}.Ad-Hoc|iPhoneSimulator.Build.0 = Ad-Hoc|iPhoneSimulator
		{9CACC47D-677F-4008-B438-106A2E90EBCA}.AppStore|Any CPU.ActiveCfg = AppStore|iPhone
		{9CACC47D-677F-4008-B438-106A2E90EBCA}.AppStore|iPhone.ActiveCfg = AppStore|iPhone
		{9CACC47D-677F-4008-B438-106A2E90EBCA}.AppStore|iPhone.Build.0 = AppStore|iPhone
		{9CACC47D-677F-4008-B438-106A2E90EBCA}.AppStore|iPhoneSimulator.ActiveCfg = AppStore|iPhoneSimulator
		{9CACC47D-677F-4008-B438-106A2E90EBCA}.AppStore|iPhoneSimulator.Build.0 = AppStore|iPhoneSimulator
		{9CACC47D-677F-4008-B438-106A2E90EBCA}.Debug|Any CPU.ActiveCfg = Debug|iPhone
		{9CACC47D-677F-4008-B438-106A2E90EBCA}.Debug|iPhone.ActiveCfg = Debug|iPhone
		{9CACC47D-677F-4008-B438-106A2E90EBCA}.Debug|iPhone.Build.0 = Debug|iPhone
		{9CACC47D-677F-4008-B438-106A2E90EBCA}.Debug|iPhoneSimulator.ActiveCfg = Debug|iPhoneSimulator
		{9CACC47D-677F-4008-B438-106A2E90EBCA}.Debug|iPhoneSimulator.Build.0 = Debug|iPhoneSimulator
		{9CACC47D-677F-4008-B438-106A2E90EBCA}.Release|Any CPU.ActiveCfg = Release|iPhone
		{9CACC47D-677F-4008-B438-106A2E90EBCA}.Release|iPhone.ActiveCfg = Release|iPhone
		{9CACC47D-677F-4008-B438-106A2E90EBCA}.Release|iPhone.Build.0 = Release|iPhone
		{9CACC47D-677F-4008-B438-106A2E90EBCA}.Release|iPhoneSimulator.ActiveCfg = Release|iPhoneSimulator
		{9CACC47D-677F-4008-B438-106A2E90EBCA}.Release|iPhoneSimulator.Build.0 = Release|iPhoneSimulator
	EndGlobalSection
	GlobalSection(SolutionProperties) = preSolution
		HideSolutionNode = FALSE
	EndGlobalSection
	GlobalSection(ExtensibilityGlobals) = postSolution
		SolutionGuid = {9C51EFBA-7E29-4686-A701-B96B8E1AC598}
	EndGlobalSection
EndGlobal
