
Microsoft Visual Studio Solution File, Format Version 12.00
# Visual Studio Version 16
VisualStudioVersion = 16.0.30128.74
MinimumVisualStudioVersion = 10.0.40219.1
Project("{FAE04EC0-301F-11D3-BF4B-00C04F79EFBC}") = "XF1003.UWP", "XF1003\XF1003.UWP\XF1003.UWP.csproj", "{047161AC-8B11-4A90-AED7-18D9FD6508F1}"
EndProject
Project("{FAE04EC0-301F-11D3-BF4B-00C04F79EFBC}") = "XF1003.Android", "XF1003\XF1003.Android\XF1003.Android.csproj", "{15E36AAD-ED0A-47CA-95BB-D53E7C30AA80}"
EndProject
Project("{FAE04EC0-301F-11D3-BF4B-00C04F79EFBC}") = "XF1003.iOS", "XF1003\XF1003.iOS\XF1003.iOS.csproj", "{F5DFBD7A-DDB2-4614-B4F2-72D2322B7414}"
EndProject
Project("{FAE04EC0-301F-11D3-BF4B-00C04F79EFBC}") = "XF1003", "XF1003\XF1003\XF1003.csproj", "{02214B18-F6F0-4159-93B2-7419302FE2B0}"
EndProject
Global
	GlobalSection(SolutionConfigurationPlatforms) = preSolution
		Debug|Any CPU = Debug|Any CPU
		Debug|ARM = Debug|ARM
		Debug|iPhone = Debug|iPhone
		Debug|iPhoneSimulator = Debug|iPhoneSimulator
		Debug|x64 = Debug|x64
		Debug|x86 = Debug|x86
		Release|Any CPU = Release|Any CPU
		Release|ARM = Release|ARM
		Release|iPhone = Release|iPhone
		Release|iPhoneSimulator = Release|iPhoneSimulator
		Release|x64 = Release|x64
		Release|x86 = Release|x86
	EndGlobalSection
	GlobalSection(ProjectConfigurationPlatforms) = postSolution
		{047161AC-8B11-4A90-AED7-18D9FD6508F1}.Debug|Any CPU.ActiveCfg = Debug|x86
		{047161AC-8B11-4A90-AED7-18D9FD6508F1}.Debug|Any CPU.Build.0 = Debug|x86
		{047161AC-8B11-4A90-AED7-18D9FD6508F1}.Debug|Any CPU.Deploy.0 = Debug|x86
		{047161AC-8B11-4A90-AED7-18D9FD6508F1}.Debug|ARM.ActiveCfg = Debug|ARM
		{047161AC-8B11-4A90-AED7-18D9FD6508F1}.Debug|ARM.Build.0 = Debug|ARM
		{047161AC-8B11-4A90-AED7-18D9FD6508F1}.Debug|ARM.Deploy.0 = Debug|ARM
		{047161AC-8B11-4A90-AED7-18D9FD6508F1}.Debug|iPhone.ActiveCfg = Debug|x86
		{047161AC-8B11-4A90-AED7-18D9FD6508F1}.Debug|iPhone.Build.0 = Debug|x86
		{047161AC-8B11-4A90-AED7-18D9FD6508F1}.Debug|iPhone.Deploy.0 = Debug|x86
		{047161AC-8B11-4A90-AED7-18D9FD6508F1}.Debug|iPhoneSimulator.ActiveCfg = Debug|x86
		{047161AC-8B11-4A90-AED7-18D9FD6508F1}.Debug|iPhoneSimulator.Build.0 = Debug|x86
		{047161AC-8B11-4A90-AED7-18D9FD6508F1}.Debug|iPhoneSimulator.Deploy.0 = Debug|x86
		{047161AC-8B11-4A90-AED7-18D9FD6508F1}.Debug|x64.ActiveCfg = Debug|x64
		{047161AC-8B11-4A90-AED7-18D9FD6508F1}.Debug|x64.Build.0 = Debug|x64
		{047161AC-8B11-4A90-AED7-18D9FD6508F1}.Debug|x64.Deploy.0 = Debug|x64
		{047161AC-8B11-4A90-AED7-18D9FD6508F1}.Debug|x86.ActiveCfg = Debug|x86
		{047161AC-8B11-4A90-AED7-18D9FD6508F1}.Debug|x86.Build.0 = Debug|x86
		{047161AC-8B11-4A90-AED7-18D9FD6508F1}.Debug|x86.Deploy.0 = Debug|x86
		{047161AC-8B11-4A90-AED7-18D9FD6508F1}.Release|Any CPU.ActiveCfg = Release|x86
		{047161AC-8B11-4A90-AED7-18D9FD6508F1}.Release|Any CPU.Build.0 = Release|x86
		{047161AC-8B11-4A90-AED7-18D9FD6508F1}.Release|Any CPU.Deploy.0 = Release|x86
		{047161AC-8B11-4A90-AED7-18D9FD6508F1}.Release|ARM.ActiveCfg = Release|ARM
		{047161AC-8B11-4A90-AED7-18D9FD6508F1}.Release|ARM.Build.0 = Release|ARM
		{047161AC-8B11-4A90-AED7-18D9FD6508F1}.Release|ARM.Deploy.0 = Release|ARM
		{047161AC-8B11-4A90-AED7-18D9FD6508F1}.Release|iPhone.ActiveCfg = Release|x86
		{047161AC-8B11-4A90-AED7-18D9FD6508F1}.Release|iPhone.Build.0 = Release|x86
		{047161AC-8B11-4A90-AED7-18D9FD6508F1}.Release|iPhone.Deploy.0 = Release|x86
		{047161AC-8B11-4A90-AED7-18D9FD6508F1}.Release|iPhoneSimulator.ActiveCfg = Release|x86
		{047161AC-8B11-4A90-AED7-18D9FD6508F1}.Release|iPhoneSimulator.Build.0 = Release|x86
		{047161AC-8B11-4A90-AED7-18D9FD6508F1}.Release|iPhoneSimulator.Deploy.0 = Release|x86
		{047161AC-8B11-4A90-AED7-18D9FD6508F1}.Release|x64.ActiveCfg = Release|x64
		{047161AC-8B11-4A90-AED7-18D9FD6508F1}.Release|x64.Build.0 = Release|x64
		{047161AC-8B11-4A90-AED7-18D9FD6508F1}.Release|x64.Deploy.0 = Release|x64
		{047161AC-8B11-4A90-AED7-18D9FD6508F1}.Release|x86.ActiveCfg = Release|x86
		{047161AC-8B11-4A90-AED7-18D9FD6508F1}.Release|x86.Build.0 = Release|x86
		{047161AC-8B11-4A90-AED7-18D9FD6508F1}.Release|x86.Deploy.0 = Release|x86
		{15E36AAD-ED0A-47CA-95BB-D53E7C30AA80}.Debug|Any CPU.ActiveCfg = Debug|Any CPU
		{15E36AAD-ED0A-47CA-95BB-D53E7C30AA80}.Debug|Any CPU.Build.0 = Debug|Any CPU
		{15E36AAD-ED0A-47CA-95BB-D53E7C30AA80}.Debug|Any CPU.Deploy.0 = Debug|Any CPU
		{15E36AAD-ED0A-47CA-95BB-D53E7C30AA80}.Debug|ARM.ActiveCfg = Debug|Any CPU
		{15E36AAD-ED0A-47CA-95BB-D53E7C30AA80}.Debug|ARM.Build.0 = Debug|Any CPU
		{15E36AAD-ED0A-47CA-95BB-D53E7C30AA80}.Debug|ARM.Deploy.0 = Debug|Any CPU
		{15E36AAD-ED0A-47CA-95BB-D53E7C30AA80}.Debug|iPhone.ActiveCfg = Debug|Any CPU
		{15E36AAD-ED0A-47CA-95BB-D53E7C30AA80}.Debug|iPhone.Build.0 = Debug|Any CPU
		{15E36AAD-ED0A-47CA-95BB-D53E7C30AA80}.Debug|iPhone.Deploy.0 = Debug|Any CPU
		{15E36AAD-ED0A-47CA-95BB-D53E7C30AA80}.Debug|iPhoneSimulator.ActiveCfg = Debug|Any CPU
		{15E36AAD-ED0A-47CA-95BB-D53E7C30AA80}.Debug|iPhoneSimulator.Build.0 = Debug|Any CPU
		{15E36AAD-ED0A-47CA-95BB-D53E7C30AA80}.Debug|iPhoneSimulator.Deploy.0 = Debug|Any CPU
		{15E36AAD-ED0A-47CA-95BB-D53E7C30AA80}.Debug|x64.ActiveCfg = Debug|Any CPU
		{15E36AAD-ED0A-47CA-95BB-D53E7C30AA80}.Debug|x64.Build.0 = Debug|Any CPU
		{15E36AAD-ED0A-47CA-95BB-D53E7C30AA80}.Debug|x64.Deploy.0 = Debug|Any CPU
		{15E36AAD-ED0A-47CA-95BB-D53E7C30AA80}.Debug|x86.ActiveCfg = Debug|Any CPU
		{15E36AAD-ED0A-47CA-95BB-D53E7C30AA80}.Debug|x86.Build.0 = Debug|Any CPU
		{15E36AAD-ED0A-47CA-95BB-D53E7C30AA80}.Debug|x86.Deploy.0 = Debug|Any CPU
		{15E36AAD-ED0A-47CA-95BB-D53E7C30AA80}.Release|Any CPU.ActiveCfg = Release|Any CPU
		{15E36AAD-ED0A-47CA-95BB-D53E7C30AA80}.Release|Any CPU.Build.0 = Release|Any CPU
		{15E36AAD-ED0A-47CA-95BB-D53E7C30AA80}.Release|Any CPU.Deploy.0 = Release|Any CPU
		{15E36AAD-ED0A-47CA-95BB-D53E7C30AA80}.Release|ARM.ActiveCfg = Release|Any CPU
		{15E36AAD-ED0A-47CA-95BB-D53E7C30AA80}.Release|ARM.Build.0 = Release|Any CPU
		{15E36AAD-ED0A-47CA-95BB-D53E7C30AA80}.Release|ARM.Deploy.0 = Release|Any CPU
		{15E36AAD-ED0A-47CA-95BB-D53E7C30AA80}.Release|iPhone.ActiveCfg = Release|Any CPU
		{15E36AAD-ED0A-47CA-95BB-D53E7C30AA80}.Release|iPhone.Build.0 = Release|Any CPU
		{15E36AAD-ED0A-47CA-95BB-D53E7C30AA80}.Release|iPhone.Deploy.0 = Release|Any CPU
		{15E36AAD-ED0A-47CA-95BB-D53E7C30AA80}.Release|iPhoneSimulator.ActiveCfg = Release|Any CPU
		{15E36AAD-ED0A-47CA-95BB-D53E7C30AA80}.Release|iPhoneSimulator.Build.0 = Release|Any CPU
		{15E36AAD-ED0A-47CA-95BB-D53E7C30AA80}.Release|iPhoneSimulator.Deploy.0 = Release|Any CPU
		{15E36AAD-ED0A-47CA-95BB-D53E7C30AA80}.Release|x64.ActiveCfg = Release|Any CPU
		{15E36AAD-ED0A-47CA-95BB-D53E7C30AA80}.Release|x64.Build.0 = Release|Any CPU
		{15E36AAD-ED0A-47CA-95BB-D53E7C30AA80}.Release|x64.Deploy.0 = Release|Any CPU
		{15E36AAD-ED0A-47CA-95BB-D53E7C30AA80}.Release|x86.ActiveCfg = Release|Any CPU
		{15E36AAD-ED0A-47CA-95BB-D53E7C30AA80}.Release|x86.Build.0 = Release|Any CPU
		{15E36AAD-ED0A-47CA-95BB-D53E7C30AA80}.Release|x86.Deploy.0 = Release|Any CPU
		{F5DFBD7A-DDB2-4614-B4F2-72D2322B7414}.Debug|Any CPU.ActiveCfg = Debug|iPhone
		{F5DFBD7A-DDB2-4614-B4F2-72D2322B7414}.Debug|Any CPU.Build.0 = Debug|iPhone
		{F5DFBD7A-DDB2-4614-B4F2-72D2322B7414}.Debug|Any CPU.Deploy.0 = Debug|iPhone
		{F5DFBD7A-DDB2-4614-B4F2-72D2322B7414}.Debug|ARM.ActiveCfg = Debug|iPhone
		{F5DFBD7A-DDB2-4614-B4F2-72D2322B7414}.Debug|ARM.Build.0 = Debug|iPhone
		{F5DFBD7A-DDB2-4614-B4F2-72D2322B7414}.Debug|ARM.Deploy.0 = Debug|iPhone
		{F5DFBD7A-DDB2-4614-B4F2-72D2322B7414}.Debug|iPhone.ActiveCfg = Debug|iPhone
		{F5DFBD7A-DDB2-4614-B4F2-72D2322B7414}.Debug|iPhone.Build.0 = Debug|iPhone
		{F5DFBD7A-DDB2-4614-B4F2-72D2322B7414}.Debug|iPhone.Deploy.0 = Debug|iPhone
		{F5DFBD7A-DDB2-4614-B4F2-72D2322B7414}.Debug|iPhoneSimulator.ActiveCfg = Debug|iPhoneSimulator
		{F5DFBD7A-DDB2-4614-B4F2-72D2322B7414}.Debug|iPhoneSimulator.Build.0 = Debug|iPhoneSimulator
		{F5DFBD7A-DDB2-4614-B4F2-72D2322B7414}.Debug|iPhoneSimulator.Deploy.0 = Debug|iPhoneSimulator
		{F5DFBD7A-DDB2-4614-B4F2-72D2322B7414}.Debug|x64.ActiveCfg = Debug|iPhone
		{F5DFBD7A-DDB2-4614-B4F2-72D2322B7414}.Debug|x64.Build.0 = Debug|iPhone
		{F5DFBD7A-DDB2-4614-B4F2-72D2322B7414}.Debug|x64.Deploy.0 = Debug|iPhone
		{F5DFBD7A-DDB2-4614-B4F2-72D2322B7414}.Debug|x86.ActiveCfg = Debug|iPhone
		{F5DFBD7A-DDB2-4614-B4F2-72D2322B7414}.Debug|x86.Build.0 = Debug|iPhone
		{F5DFBD7A-DDB2-4614-B4F2-72D2322B7414}.Debug|x86.Deploy.0 = Debug|iPhone
		{F5DFBD7A-DDB2-4614-B4F2-72D2322B7414}.Release|Any CPU.ActiveCfg = Release|iPhone
		{F5DFBD7A-DDB2-4614-B4F2-72D2322B7414}.Release|Any CPU.Build.0 = Release|iPhone
		{F5DFBD7A-DDB2-4614-B4F2-72D2322B7414}.Release|Any CPU.Deploy.0 = Release|iPhone
		{F5DFBD7A-DDB2-4614-B4F2-72D2322B7414}.Release|ARM.ActiveCfg = Release|iPhone
		{F5DFBD7A-DDB2-4614-B4F2-72D2322B7414}.Release|ARM.Build.0 = Release|iPhone
		{F5DFBD7A-DDB2-4614-B4F2-72D2322B7414}.Release|ARM.Deploy.0 = Release|iPhone
		{F5DFBD7A-DDB2-4614-B4F2-72D2322B7414}.Release|iPhone.ActiveCfg = Release|iPhone
		{F5DFBD7A-DDB2-4614-B4F2-72D2322B7414}.Release|iPhone.Build.0 = Release|iPhone
		{F5DFBD7A-DDB2-4614-B4F2-72D2322B7414}.Release|iPhone.Deploy.0 = Release|iPhone
		{F5DFBD7A-DDB2-4614-B4F2-72D2322B7414}.Release|iPhoneSimulator.ActiveCfg = Release|iPhoneSimulator
		{F5DFBD7A-DDB2-4614-B4F2-72D2322B7414}.Release|iPhoneSimulator.Build.0 = Release|iPhoneSimulator
		{F5DFBD7A-DDB2-4614-B4F2-72D2322B7414}.Release|iPhoneSimulator.Deploy.0 = Release|iPhoneSimulator
		{F5DFBD7A-DDB2-4614-B4F2-72D2322B7414}.Release|x64.ActiveCfg = Release|iPhone
		{F5DFBD7A-DDB2-4614-B4F2-72D2322B7414}.Release|x64.Build.0 = Release|iPhone
		{F5DFBD7A-DDB2-4614-B4F2-72D2322B7414}.Release|x64.Deploy.0 = Release|iPhone
		{F5DFBD7A-DDB2-4614-B4F2-72D2322B7414}.Release|x86.ActiveCfg = Release|iPhone
		{F5DFBD7A-DDB2-4614-B4F2-72D2322B7414}.Release|x86.Build.0 = Release|iPhone
		{F5DFBD7A-DDB2-4614-B4F2-72D2322B7414}.Release|x86.Deploy.0 = Release|iPhone
		{02214B18-F6F0-4159-93B2-7419302FE2B0}.Debug|Any CPU.ActiveCfg = Debug|Any CPU
		{02214B18-F6F0-4159-93B2-7419302FE2B0}.Debug|Any CPU.Build.0 = Debug|Any CPU
		{02214B18-F6F0-4159-93B2-7419302FE2B0}.Debug|Any CPU.Deploy.0 = Debug|Any CPU
		{02214B18-F6F0-4159-93B2-7419302FE2B0}.Debug|ARM.ActiveCfg = Debug|Any CPU
		{02214B18-F6F0-4159-93B2-7419302FE2B0}.Debug|ARM.Build.0 = Debug|Any CPU
		{02214B18-F6F0-4159-93B2-7419302FE2B0}.Debug|ARM.Deploy.0 = Debug|Any CPU
		{02214B18-F6F0-4159-93B2-7419302FE2B0}.Debug|iPhone.ActiveCfg = Debug|Any CPU
		{02214B18-F6F0-4159-93B2-7419302FE2B0}.Debug|iPhone.Build.0 = Debug|Any CPU
		{02214B18-F6F0-4159-93B2-7419302FE2B0}.Debug|iPhone.Deploy.0 = Debug|Any CPU
		{02214B18-F6F0-4159-93B2-7419302FE2B0}.Debug|iPhoneSimulator.ActiveCfg = Debug|Any CPU
		{02214B18-F6F0-4159-93B2-7419302FE2B0}.Debug|iPhoneSimulator.Build.0 = Debug|Any CPU
		{02214B18-F6F0-4159-93B2-7419302FE2B0}.Debug|iPhoneSimulator.Deploy.0 = Debug|Any CPU
		{02214B18-F6F0-4159-93B2-7419302FE2B0}.Debug|x64.ActiveCfg = Debug|Any CPU
		{02214B18-F6F0-4159-93B2-7419302FE2B0}.Debug|x64.Build.0 = Debug|Any CPU
		{02214B18-F6F0-4159-93B2-7419302FE2B0}.Debug|x64.Deploy.0 = Debug|Any CPU
		{02214B18-F6F0-4159-93B2-7419302FE2B0}.Debug|x86.ActiveCfg = Debug|Any CPU
		{02214B18-F6F0-4159-93B2-7419302FE2B0}.Debug|x86.Build.0 = Debug|Any CPU
		{02214B18-F6F0-4159-93B2-7419302FE2B0}.Debug|x86.Deploy.0 = Debug|Any CPU
		{02214B18-F6F0-4159-93B2-7419302FE2B0}.Release|Any CPU.ActiveCfg = Release|Any CPU
		{02214B18-F6F0-4159-93B2-7419302FE2B0}.Release|Any CPU.Build.0 = Release|Any CPU
		{02214B18-F6F0-4159-93B2-7419302FE2B0}.Release|Any CPU.Deploy.0 = Release|Any CPU
		{02214B18-F6F0-4159-93B2-7419302FE2B0}.Release|ARM.ActiveCfg = Release|Any CPU
		{02214B18-F6F0-4159-93B2-7419302FE2B0}.Release|ARM.Build.0 = Release|Any CPU
		{02214B18-F6F0-4159-93B2-7419302FE2B0}.Release|ARM.Deploy.0 = Release|Any CPU
		{02214B18-F6F0-4159-93B2-7419302FE2B0}.Release|iPhone.ActiveCfg = Release|Any CPU
		{02214B18-F6F0-4159-93B2-7419302FE2B0}.Release|iPhone.Build.0 = Release|Any CPU
		{02214B18-F6F0-4159-93B2-7419302FE2B0}.Release|iPhone.Deploy.0 = Release|Any CPU
		{02214B18-F6F0-4159-93B2-7419302FE2B0}.Release|iPhoneSimulator.ActiveCfg = Release|Any CPU
		{02214B18-F6F0-4159-93B2-7419302FE2B0}.Release|iPhoneSimulator.Build.0 = Release|Any CPU
		{02214B18-F6F0-4159-93B2-7419302FE2B0}.Release|iPhoneSimulator.Deploy.0 = Release|Any CPU
		{02214B18-F6F0-4159-93B2-7419302FE2B0}.Release|x64.ActiveCfg = Release|Any CPU
		{02214B18-F6F0-4159-93B2-7419302FE2B0}.Release|x64.Build.0 = Release|Any CPU
		{02214B18-F6F0-4159-93B2-7419302FE2B0}.Release|x64.Deploy.0 = Release|Any CPU
		{02214B18-F6F0-4159-93B2-7419302FE2B0}.Release|x86.ActiveCfg = Release|Any CPU
		{02214B18-F6F0-4159-93B2-7419302FE2B0}.Release|x86.Build.0 = Release|Any CPU
		{02214B18-F6F0-4159-93B2-7419302FE2B0}.Release|x86.Deploy.0 = Release|Any CPU
	EndGlobalSection
	GlobalSection(SolutionProperties) = preSolution
		HideSolutionNode = FALSE
	EndGlobalSection
	GlobalSection(ExtensibilityGlobals) = postSolution
		SolutionGuid = {D4685F0A-B460-411C-8212-695AA5D2A48B}
	EndGlobalSection
EndGlobal
