
Microsoft Visual Studio Solution File, Format Version 12.00
# Visual Studio Version 16
VisualStudioVersion = 16.0.30204.135
MinimumVisualStudioVersion = 10.0.40219.1
Project("{FAE04EC0-301F-11D3-BF4B-00C04F79EFBC}") = "xf3027", "xf3027\xf3027\xf3027.csproj", "{6DAFB068-0057-4118-8B36-4D12E53265C1}"
EndProject
Project("{FAE04EC0-301F-11D3-BF4B-00C04F79EFBC}") = "xf3027.Android", "xf3027\xf3027.Android\xf3027.Android.csproj", "{5E91C461-63C3-404E-B101-0211403BD878}"
EndProject
Project("{FAE04EC0-301F-11D3-BF4B-00C04F79EFBC}") = "xf3027.iOS", "xf3027\xf3027.iOS\xf3027.iOS.csproj", "{77F79098-6784-4AC1-9D1C-C9D4854FFAC0}"
EndProject
Global
	GlobalSection(SolutionConfigurationPlatforms) = preSolution
		Ad-Hoc|Any CPU = Ad-Hoc|Any CPU
		Ad-Hoc|iPhone = Ad-Hoc|iPhone
		Ad-Hoc|iPhoneSimulator = Ad-Hoc|iPhoneSimulator
		AppStore|Any CPU = AppStore|Any CPU
		AppStore|iPhone = AppStore|iPhone
		AppStore|iPhoneSimulator = AppStore|iPhoneSimulator
		Debug|Any CPU = Debug|Any CPU
		Debug|iPhone = Debug|iPhone
		Debug|iPhoneSimulator = Debug|iPhoneSimulator
		Release|Any CPU = Release|Any CPU
		Release|iPhone = Release|iPhone
		Release|iPhoneSimulator = Release|iPhoneSimulator
	EndGlobalSection
	GlobalSection(ProjectConfigurationPlatforms) = postSolution
		{6DAFB068-0057-4118-8B36-4D12E53265C1}.Ad-Hoc|Any CPU.ActiveCfg = Debug|Any CPU
		{6DAFB068-0057-4118-8B36-4D12E53265C1}.Ad-Hoc|Any CPU.Build.0 = Debug|Any CPU
		{6DAFB068-0057-4118-8B36-4D12E53265C1}.Ad-Hoc|iPhone.ActiveCfg = Debug|Any CPU
		{6DAFB068-0057-4118-8B36-4D12E53265C1}.Ad-Hoc|iPhone.Build.0 = Debug|Any CPU
		{6DAFB068-0057-4118-8B36-4D12E53265C1}.Ad-Hoc|iPhoneSimulator.ActiveCfg = Debug|Any CPU
		{6DAFB068-0057-4118-8B36-4D12E53265C1}.Ad-Hoc|iPhoneSimulator.Build.0 = Debug|Any CPU
		{6DAFB068-0057-4118-8B36-4D12E53265C1}.AppStore|Any CPU.ActiveCfg = Debug|Any CPU
		{6DAFB068-0057-4118-8B36-4D12E53265C1}.AppStore|Any CPU.Build.0 = Debug|Any CPU
		{6DAFB068-0057-4118-8B36-4D12E53265C1}.AppStore|iPhone.ActiveCfg = Debug|Any CPU
		{6DAFB068-0057-4118-8B36-4D12E53265C1}.AppStore|iPhone.Build.0 = Debug|Any CPU
		{6DAFB068-0057-4118-8B36-4D12E53265C1}.AppStore|iPhoneSimulator.ActiveCfg = Debug|Any CPU
		{6DAFB068-0057-4118-8B36-4D12E53265C1}.AppStore|iPhoneSimulator.Build.0 = Debug|Any CPU
		{6DAFB068-0057-4118-8B36-4D12E53265C1}.Debug|Any CPU.ActiveCfg = Debug|Any CPU
		{6DAFB068-0057-4118-8B36-4D12E53265C1}.Debug|Any CPU.Build.0 = Debug|Any CPU
		{6DAFB068-0057-4118-8B36-4D12E53265C1}.Debug|iPhone.ActiveCfg = Debug|Any CPU
		{6DAFB068-0057-4118-8B36-4D12E53265C1}.Debug|iPhone.Build.0 = Debug|Any CPU
		{6DAFB068-0057-4118-8B36-4D12E53265C1}.Debug|iPhoneSimulator.ActiveCfg = Debug|Any CPU
		{6DAFB068-0057-4118-8B36-4D12E53265C1}.Debug|iPhoneSimulator.Build.0 = Debug|Any CPU
		{6DAFB068-0057-4118-8B36-4D12E53265C1}.Release|Any CPU.ActiveCfg = Release|Any CPU
		{6DAFB068-0057-4118-8B36-4D12E53265C1}.Release|Any CPU.Build.0 = Release|Any CPU
		{6DAFB068-0057-4118-8B36-4D12E53265C1}.Release|iPhone.ActiveCfg = Release|Any CPU
		{6DAFB068-0057-4118-8B36-4D12E53265C1}.Release|iPhone.Build.0 = Release|Any CPU
		{6DAFB068-0057-4118-8B36-4D12E53265C1}.Release|iPhoneSimulator.ActiveCfg = Release|Any CPU
		{6DAFB068-0057-4118-8B36-4D12E53265C1}.Release|iPhoneSimulator.Build.0 = Release|Any CPU
		{5E91C461-63C3-404E-B101-0211403BD878}.Ad-Hoc|Any CPU.ActiveCfg = Release|Any CPU
		{5E91C461-63C3-404E-B101-0211403BD878}.Ad-Hoc|Any CPU.Build.0 = Release|Any CPU
		{5E91C461-63C3-404E-B101-0211403BD878}.Ad-Hoc|Any CPU.Deploy.0 = Release|Any CPU
		{5E91C461-63C3-404E-B101-0211403BD878}.Ad-Hoc|iPhone.ActiveCfg = Release|Any CPU
		{5E91C461-63C3-404E-B101-0211403BD878}.Ad-Hoc|iPhone.Build.0 = Release|Any CPU
		{5E91C461-63C3-404E-B101-0211403BD878}.Ad-Hoc|iPhone.Deploy.0 = Release|Any CPU
		{5E91C461-63C3-404E-B101-0211403BD878}.Ad-Hoc|iPhoneSimulator.ActiveCfg = Release|Any CPU
		{5E91C461-63C3-404E-B101-0211403BD878}.Ad-Hoc|iPhoneSimulator.Build.0 = Release|Any CPU
		{5E91C461-63C3-404E-B101-0211403BD878}.Ad-Hoc|iPhoneSimulator.Deploy.0 = Release|Any CPU
		{5E91C461-63C3-404E-B101-0211403BD878}.AppStore|Any CPU.ActiveCfg = Release|Any CPU
		{5E91C461-63C3-404E-B101-0211403BD878}.AppStore|Any CPU.Build.0 = Release|Any CPU
		{5E91C461-63C3-404E-B101-0211403BD878}.AppStore|Any CPU.Deploy.0 = Release|Any CPU
		{5E91C461-63C3-404E-B101-0211403BD878}.AppStore|iPhone.ActiveCfg = Release|Any CPU
		{5E91C461-63C3-404E-B101-0211403BD878}.AppStore|iPhone.Build.0 = Release|Any CPU
		{5E91C461-63C3-404E-B101-0211403BD878}.AppStore|iPhone.Deploy.0 = Release|Any CPU
		{5E91C461-63C3-404E-B101-0211403BD878}.AppStore|iPhoneSimulator.ActiveCfg = Release|Any CPU
		{5E91C461-63C3-404E-B101-0211403BD878}.AppStore|iPhoneSimulator.Build.0 = Release|Any CPU
		{5E91C461-63C3-404E-B101-0211403BD878}.AppStore|iPhoneSimulator.Deploy.0 = Release|Any CPU
		{5E91C461-63C3-404E-B101-0211403BD878}.Debug|Any CPU.ActiveCfg = Debug|Any CPU
		{5E91C461-63C3-404E-B101-0211403BD878}.Debug|Any CPU.Build.0 = Debug|Any CPU
		{5E91C461-63C3-404E-B101-0211403BD878}.Debug|Any CPU.Deploy.0 = Debug|Any CPU
		{5E91C461-63C3-404E-B101-0211403BD878}.Debug|iPhone.ActiveCfg = Debug|Any CPU
		{5E91C461-63C3-404E-B101-0211403BD878}.Debug|iPhone.Build.0 = Debug|Any CPU
		{5E91C461-63C3-404E-B101-0211403BD878}.Debug|iPhone.Deploy.0 = Debug|Any CPU
		{5E91C461-63C3-404E-B101-0211403BD878}.Debug|iPhoneSimulator.ActiveCfg = Debug|Any CPU
		{5E91C461-63C3-404E-B101-0211403BD878}.Debug|iPhoneSimulator.Build.0 = Debug|Any CPU
		{5E91C461-63C3-404E-B101-0211403BD878}.Debug|iPhoneSimulator.Deploy.0 = Debug|Any CPU
		{5E91C461-63C3-404E-B101-0211403BD878}.Release|Any CPU.ActiveCfg = Release|Any CPU
		{5E91C461-63C3-404E-B101-0211403BD878}.Release|Any CPU.Build.0 = Release|Any CPU
		{5E91C461-63C3-404E-B101-0211403BD878}.Release|Any CPU.Deploy.0 = Release|Any CPU
		{5E91C461-63C3-404E-B101-0211403BD878}.Release|iPhone.ActiveCfg = Release|Any CPU
		{5E91C461-63C3-404E-B101-0211403BD878}.Release|iPhone.Build.0 = Release|Any CPU
		{5E91C461-63C3-404E-B101-0211403BD878}.Release|iPhone.Deploy.0 = Release|Any CPU
		{5E91C461-63C3-404E-B101-0211403BD878}.Release|iPhoneSimulator.ActiveCfg = Release|Any CPU
		{5E91C461-63C3-404E-B101-0211403BD878}.Release|iPhoneSimulator.Build.0 = Release|Any CPU
		{5E91C461-63C3-404E-B101-0211403BD878}.Release|iPhoneSimulator.Deploy.0 = Release|Any CPU
		{77F79098-6784-4AC1-9D1C-C9D4854FFAC0}.Ad-Hoc|Any CPU.ActiveCfg = Ad-Hoc|iPhone
		{77F79098-6784-4AC1-9D1C-C9D4854FFAC0}.Ad-Hoc|iPhone.ActiveCfg = Ad-Hoc|iPhone
		{77F79098-6784-4AC1-9D1C-C9D4854FFAC0}.Ad-Hoc|iPhone.Build.0 = Ad-Hoc|iPhone
		{77F79098-6784-4AC1-9D1C-C9D4854FFAC0}.Ad-Hoc|iPhoneSimulator.ActiveCfg = Ad-Hoc|iPhoneSimulator
		{77F79098-6784-4AC1-9D1C-C9D4854FFAC0}.Ad-Hoc|iPhoneSimulator.Build.0 = Ad-Hoc|iPhoneSimulator
		{77F79098-6784-4AC1-9D1C-C9D4854FFAC0}.AppStore|Any CPU.ActiveCfg = AppStore|iPhone
		{77F79098-6784-4AC1-9D1C-C9D4854FFAC0}.AppStore|iPhone.ActiveCfg = AppStore|iPhone
		{77F79098-6784-4AC1-9D1C-C9D4854FFAC0}.AppStore|iPhone.Build.0 = AppStore|iPhone
		{77F79098-6784-4AC1-9D1C-C9D4854FFAC0}.AppStore|iPhoneSimulator.ActiveCfg = AppStore|iPhoneSimulator
		{77F79098-6784-4AC1-9D1C-C9D4854FFAC0}.AppStore|iPhoneSimulator.Build.0 = AppStore|iPhoneSimulator
		{77F79098-6784-4AC1-9D1C-C9D4854FFAC0}.Debug|Any CPU.ActiveCfg = Debug|iPhone
		{77F79098-6784-4AC1-9D1C-C9D4854FFAC0}.Debug|iPhone.ActiveCfg = Debug|iPhone
		{77F79098-6784-4AC1-9D1C-C9D4854FFAC0}.Debug|iPhone.Build.0 = Debug|iPhone
		{77F79098-6784-4AC1-9D1C-C9D4854FFAC0}.Debug|iPhoneSimulator.ActiveCfg = Debug|iPhoneSimulator
		{77F79098-6784-4AC1-9D1C-C9D4854FFAC0}.Debug|iPhoneSimulator.Build.0 = Debug|iPhoneSimulator
		{77F79098-6784-4AC1-9D1C-C9D4854FFAC0}.Release|Any CPU.ActiveCfg = Release|iPhone
		{77F79098-6784-4AC1-9D1C-C9D4854FFAC0}.Release|iPhone.ActiveCfg = Release|iPhone
		{77F79098-6784-4AC1-9D1C-C9D4854FFAC0}.Release|iPhone.Build.0 = Release|iPhone
		{77F79098-6784-4AC1-9D1C-C9D4854FFAC0}.Release|iPhoneSimulator.ActiveCfg = Release|iPhoneSimulator
		{77F79098-6784-4AC1-9D1C-C9D4854FFAC0}.Release|iPhoneSimulator.Build.0 = Release|iPhoneSimulator
	EndGlobalSection
	GlobalSection(SolutionProperties) = preSolution
		HideSolutionNode = FALSE
	EndGlobalSection
	GlobalSection(ExtensibilityGlobals) = postSolution
		SolutionGuid = {55DA5050-908A-47CF-B088-0E0E0D7D7650}
	EndGlobalSection
EndGlobal
