
Microsoft Visual Studio Solution File, Format Version 12.00
# Visual Studio Version 16
VisualStudioVersion = 16.0.30204.135
MinimumVisualStudioVersion = 10.0.40219.1
Project("{FAE04EC0-301F-11D3-BF4B-00C04F79EFBC}") = "xf3006", "xf3006\xf3006\xf3006.csproj", "{FB31D9A0-3F89-4CA9-996F-3EA57634B6B1}"
EndProject
Project("{FAE04EC0-301F-11D3-BF4B-00C04F79EFBC}") = "xf3006.Android", "xf3006\xf3006.Android\xf3006.Android.csproj", "{DEAE8C7A-747E-4A0C-9F6D-FA783043D338}"
EndProject
Project("{FAE04EC0-301F-11D3-BF4B-00C04F79EFBC}") = "xf3006.iOS", "xf3006\xf3006.iOS\xf3006.iOS.csproj", "{5792C358-7A08-4CFC-932C-036FE8A14B84}"
EndProject
Global
	GlobalSection(SolutionConfigurationPlatforms) = preSolution
		Ad-Hoc|Any CPU = Ad-Hoc|Any CPU
		Ad-Hoc|iPhone = Ad-Hoc|iPhone
		Ad-Hoc|iPhoneSimulator = Ad-Hoc|iPhoneSimulator
		AppStore|Any CPU = AppStore|Any CPU
		AppStore|iPhone = AppStore|iPhone
		AppStore|iPhoneSimulator = AppStore|iPhoneSimulator
		Debug|Any CPU = Debug|Any CPU
		Debug|iPhone = Debug|iPhone
		Debug|iPhoneSimulator = Debug|iPhoneSimulator
		Release|Any CPU = Release|Any CPU
		Release|iPhone = Release|iPhone
		Release|iPhoneSimulator = Release|iPhoneSimulator
	EndGlobalSection
	GlobalSection(ProjectConfigurationPlatforms) = postSolution
		{FB31D9A0-3F89-4CA9-996F-3EA57634B6B1}.Ad-Hoc|Any CPU.ActiveCfg = Debug|Any CPU
		{FB31D9A0-3F89-4CA9-996F-3EA57634B6B1}.Ad-Hoc|Any CPU.Build.0 = Debug|Any CPU
		{FB31D9A0-3F89-4CA9-996F-3EA57634B6B1}.Ad-Hoc|iPhone.ActiveCfg = Debug|Any CPU
		{FB31D9A0-3F89-4CA9-996F-3EA57634B6B1}.Ad-Hoc|iPhone.Build.0 = Debug|Any CPU
		{FB31D9A0-3F89-4CA9-996F-3EA57634B6B1}.Ad-Hoc|iPhoneSimulator.ActiveCfg = Debug|Any CPU
		{FB31D9A0-3F89-4CA9-996F-3EA57634B6B1}.Ad-Hoc|iPhoneSimulator.Build.0 = Debug|Any CPU
		{FB31D9A0-3F89-4CA9-996F-3EA57634B6B1}.AppStore|Any CPU.ActiveCfg = Debug|Any CPU
		{FB31D9A0-3F89-4CA9-996F-3EA57634B6B1}.AppStore|Any CPU.Build.0 = Debug|Any CPU
		{FB31D9A0-3F89-4CA9-996F-3EA57634B6B1}.AppStore|iPhone.ActiveCfg = Debug|Any CPU
		{FB31D9A0-3F89-4CA9-996F-3EA57634B6B1}.AppStore|iPhone.Build.0 = Debug|Any CPU
		{FB31D9A0-3F89-4CA9-996F-3EA57634B6B1}.AppStore|iPhoneSimulator.ActiveCfg = Debug|Any CPU
		{FB31D9A0-3F89-4CA9-996F-3EA57634B6B1}.AppStore|iPhoneSimulator.Build.0 = Debug|Any CPU
		{FB31D9A0-3F89-4CA9-996F-3EA57634B6B1}.Debug|Any CPU.ActiveCfg = Debug|Any CPU
		{FB31D9A0-3F89-4CA9-996F-3EA57634B6B1}.Debug|Any CPU.Build.0 = Debug|Any CPU
		{FB31D9A0-3F89-4CA9-996F-3EA57634B6B1}.Debug|iPhone.ActiveCfg = Debug|Any CPU
		{FB31D9A0-3F89-4CA9-996F-3EA57634B6B1}.Debug|iPhone.Build.0 = Debug|Any CPU
		{FB31D9A0-3F89-4CA9-996F-3EA57634B6B1}.Debug|iPhoneSimulator.ActiveCfg = Debug|Any CPU
		{FB31D9A0-3F89-4CA9-996F-3EA57634B6B1}.Debug|iPhoneSimulator.Build.0 = Debug|Any CPU
		{FB31D9A0-3F89-4CA9-996F-3EA57634B6B1}.Release|Any CPU.ActiveCfg = Release|Any CPU
		{FB31D9A0-3F89-4CA9-996F-3EA57634B6B1}.Release|Any CPU.Build.0 = Release|Any CPU
		{FB31D9A0-3F89-4CA9-996F-3EA57634B6B1}.Release|iPhone.ActiveCfg = Release|Any CPU
		{FB31D9A0-3F89-4CA9-996F-3EA57634B6B1}.Release|iPhone.Build.0 = Release|Any CPU
		{FB31D9A0-3F89-4CA9-996F-3EA57634B6B1}.Release|iPhoneSimulator.ActiveCfg = Release|Any CPU
		{FB31D9A0-3F89-4CA9-996F-3EA57634B6B1}.Release|iPhoneSimulator.Build.0 = Release|Any CPU
		{DEAE8C7A-747E-4A0C-9F6D-FA783043D338}.Ad-Hoc|Any CPU.ActiveCfg = Release|Any CPU
		{DEAE8C7A-747E-4A0C-9F6D-FA783043D338}.Ad-Hoc|Any CPU.Build.0 = Release|Any CPU
		{DEAE8C7A-747E-4A0C-9F6D-FA783043D338}.Ad-Hoc|Any CPU.Deploy.0 = Release|Any CPU
		{DEAE8C7A-747E-4A0C-9F6D-FA783043D338}.Ad-Hoc|iPhone.ActiveCfg = Release|Any CPU
		{DEAE8C7A-747E-4A0C-9F6D-FA783043D338}.Ad-Hoc|iPhone.Build.0 = Release|Any CPU
		{DEAE8C7A-747E-4A0C-9F6D-FA783043D338}.Ad-Hoc|iPhone.Deploy.0 = Release|Any CPU
		{DEAE8C7A-747E-4A0C-9F6D-FA783043D338}.Ad-Hoc|iPhoneSimulator.ActiveCfg = Release|Any CPU
		{DEAE8C7A-747E-4A0C-9F6D-FA783043D338}.Ad-Hoc|iPhoneSimulator.Build.0 = Release|Any CPU
		{DEAE8C7A-747E-4A0C-9F6D-FA783043D338}.Ad-Hoc|iPhoneSimulator.Deploy.0 = Release|Any CPU
		{DEAE8C7A-747E-4A0C-9F6D-FA783043D338}.AppStore|Any CPU.ActiveCfg = Release|Any CPU
		{DEAE8C7A-747E-4A0C-9F6D-FA783043D338}.AppStore|Any CPU.Build.0 = Release|Any CPU
		{DEAE8C7A-747E-4A0C-9F6D-FA783043D338}.AppStore|Any CPU.Deploy.0 = Release|Any CPU
		{DEAE8C7A-747E-4A0C-9F6D-FA783043D338}.AppStore|iPhone.ActiveCfg = Release|Any CPU
		{DEAE8C7A-747E-4A0C-9F6D-FA783043D338}.AppStore|iPhone.Build.0 = Release|Any CPU
		{DEAE8C7A-747E-4A0C-9F6D-FA783043D338}.AppStore|iPhone.Deploy.0 = Release|Any CPU
		{DEAE8C7A-747E-4A0C-9F6D-FA783043D338}.AppStore|iPhoneSimulator.ActiveCfg = Release|Any CPU
		{DEAE8C7A-747E-4A0C-9F6D-FA783043D338}.AppStore|iPhoneSimulator.Build.0 = Release|Any CPU
		{DEAE8C7A-747E-4A0C-9F6D-FA783043D338}.AppStore|iPhoneSimulator.Deploy.0 = Release|Any CPU
		{DEAE8C7A-747E-4A0C-9F6D-FA783043D338}.Debug|Any CPU.ActiveCfg = Debug|Any CPU
		{DEAE8C7A-747E-4A0C-9F6D-FA783043D338}.Debug|Any CPU.Build.0 = Debug|Any CPU
		{DEAE8C7A-747E-4A0C-9F6D-FA783043D338}.Debug|Any CPU.Deploy.0 = Debug|Any CPU
		{DEAE8C7A-747E-4A0C-9F6D-FA783043D338}.Debug|iPhone.ActiveCfg = Debug|Any CPU
		{DEAE8C7A-747E-4A0C-9F6D-FA783043D338}.Debug|iPhone.Build.0 = Debug|Any CPU
		{DEAE8C7A-747E-4A0C-9F6D-FA783043D338}.Debug|iPhone.Deploy.0 = Debug|Any CPU
		{DEAE8C7A-747E-4A0C-9F6D-FA783043D338}.Debug|iPhoneSimulator.ActiveCfg = Debug|Any CPU
		{DEAE8C7A-747E-4A0C-9F6D-FA783043D338}.Debug|iPhoneSimulator.Build.0 = Debug|Any CPU
		{DEAE8C7A-747E-4A0C-9F6D-FA783043D338}.Debug|iPhoneSimulator.Deploy.0 = Debug|Any CPU
		{DEAE8C7A-747E-4A0C-9F6D-FA783043D338}.Release|Any CPU.ActiveCfg = Release|Any CPU
		{DEAE8C7A-747E-4A0C-9F6D-FA783043D338}.Release|Any CPU.Build.0 = Release|Any CPU
		{DEAE8C7A-747E-4A0C-9F6D-FA783043D338}.Release|Any CPU.Deploy.0 = Release|Any CPU
		{DEAE8C7A-747E-4A0C-9F6D-FA783043D338}.Release|iPhone.ActiveCfg = Release|Any CPU
		{DEAE8C7A-747E-4A0C-9F6D-FA783043D338}.Release|iPhone.Build.0 = Release|Any CPU
		{DEAE8C7A-747E-4A0C-9F6D-FA783043D338}.Release|iPhone.Deploy.0 = Release|Any CPU
		{DEAE8C7A-747E-4A0C-9F6D-FA783043D338}.Release|iPhoneSimulator.ActiveCfg = Release|Any CPU
		{DEAE8C7A-747E-4A0C-9F6D-FA783043D338}.Release|iPhoneSimulator.Build.0 = Release|Any CPU
		{DEAE8C7A-747E-4A0C-9F6D-FA783043D338}.Release|iPhoneSimulator.Deploy.0 = Release|Any CPU
		{5792C358-7A08-4CFC-932C-036FE8A14B84}.Ad-Hoc|Any CPU.ActiveCfg = Ad-Hoc|iPhone
		{5792C358-7A08-4CFC-932C-036FE8A14B84}.Ad-Hoc|iPhone.ActiveCfg = Ad-Hoc|iPhone
		{5792C358-7A08-4CFC-932C-036FE8A14B84}.Ad-Hoc|iPhone.Build.0 = Ad-Hoc|iPhone
		{5792C358-7A08-4CFC-932C-036FE8A14B84}.Ad-Hoc|iPhoneSimulator.ActiveCfg = Ad-Hoc|iPhoneSimulator
		{5792C358-7A08-4CFC-932C-036FE8A14B84}.Ad-Hoc|iPhoneSimulator.Build.0 = Ad-Hoc|iPhoneSimulator
		{5792C358-7A08-4CFC-932C-036FE8A14B84}.AppStore|Any CPU.ActiveCfg = AppStore|iPhone
		{5792C358-7A08-4CFC-932C-036FE8A14B84}.AppStore|iPhone.ActiveCfg = AppStore|iPhone
		{5792C358-7A08-4CFC-932C-036FE8A14B84}.AppStore|iPhone.Build.0 = AppStore|iPhone
		{5792C358-7A08-4CFC-932C-036FE8A14B84}.AppStore|iPhoneSimulator.ActiveCfg = AppStore|iPhoneSimulator
		{5792C358-7A08-4CFC-932C-036FE8A14B84}.AppStore|iPhoneSimulator.Build.0 = AppStore|iPhoneSimulator
		{5792C358-7A08-4CFC-932C-036FE8A14B84}.Debug|Any CPU.ActiveCfg = Debug|iPhone
		{5792C358-7A08-4CFC-932C-036FE8A14B84}.Debug|iPhone.ActiveCfg = Debug|iPhone
		{5792C358-7A08-4CFC-932C-036FE8A14B84}.Debug|iPhone.Build.0 = Debug|iPhone
		{5792C358-7A08-4CFC-932C-036FE8A14B84}.Debug|iPhoneSimulator.ActiveCfg = Debug|iPhoneSimulator
		{5792C358-7A08-4CFC-932C-036FE8A14B84}.Debug|iPhoneSimulator.Build.0 = Debug|iPhoneSimulator
		{5792C358-7A08-4CFC-932C-036FE8A14B84}.Release|Any CPU.ActiveCfg = Release|iPhone
		{5792C358-7A08-4CFC-932C-036FE8A14B84}.Release|iPhone.ActiveCfg = Release|iPhone
		{5792C358-7A08-4CFC-932C-036FE8A14B84}.Release|iPhone.Build.0 = Release|iPhone
		{5792C358-7A08-4CFC-932C-036FE8A14B84}.Release|iPhoneSimulator.ActiveCfg = Release|iPhoneSimulator
		{5792C358-7A08-4CFC-932C-036FE8A14B84}.Release|iPhoneSimulator.Build.0 = Release|iPhoneSimulator
	EndGlobalSection
	GlobalSection(SolutionProperties) = preSolution
		HideSolutionNode = FALSE
	EndGlobalSection
	GlobalSection(ExtensibilityGlobals) = postSolution
		SolutionGuid = {830A8516-4303-445E-8E61-77444DE277B2}
	EndGlobalSection
EndGlobal
