
Microsoft Visual Studio Solution File, Format Version 12.00
# Visual Studio Version 16
VisualStudioVersion = 16.0.30204.135
MinimumVisualStudioVersion = 10.0.40219.1
Project("{FAE04EC0-301F-11D3-BF4B-00C04F79EFBC}") = "xf3010", "xf3010\xf3010\xf3010.csproj", "{DE8BF73A-1A31-43E4-8956-AE19899DE304}"
EndProject
Project("{FAE04EC0-301F-11D3-BF4B-00C04F79EFBC}") = "xf3010.Android", "xf3010\xf3010.Android\xf3010.Android.csproj", "{3EAA632E-528A-4B06-9294-7B50720234D9}"
EndProject
Project("{FAE04EC0-301F-11D3-BF4B-00C04F79EFBC}") = "xf3010.iOS", "xf3010\xf3010.iOS\xf3010.iOS.csproj", "{BB851E99-8302-4F2D-8CBB-6126209F3415}"
EndProject
Global
	GlobalSection(SolutionConfigurationPlatforms) = preSolution
		Ad-Hoc|Any CPU = Ad-Hoc|Any CPU
		Ad-Hoc|iPhone = Ad-Hoc|iPhone
		Ad-Hoc|iPhoneSimulator = Ad-Hoc|iPhoneSimulator
		AppStore|Any CPU = AppStore|Any CPU
		AppStore|iPhone = AppStore|iPhone
		AppStore|iPhoneSimulator = AppStore|iPhoneSimulator
		Debug|Any CPU = Debug|Any CPU
		Debug|iPhone = Debug|iPhone
		Debug|iPhoneSimulator = Debug|iPhoneSimulator
		Release|Any CPU = Release|Any CPU
		Release|iPhone = Release|iPhone
		Release|iPhoneSimulator = Release|iPhoneSimulator
	EndGlobalSection
	GlobalSection(ProjectConfigurationPlatforms) = postSolution
		{DE8BF73A-1A31-43E4-8956-AE19899DE304}.Ad-Hoc|Any CPU.ActiveCfg = Debug|Any CPU
		{DE8BF73A-1A31-43E4-8956-AE19899DE304}.Ad-Hoc|Any CPU.Build.0 = Debug|Any CPU
		{DE8BF73A-1A31-43E4-8956-AE19899DE304}.Ad-Hoc|iPhone.ActiveCfg = Debug|Any CPU
		{DE8BF73A-1A31-43E4-8956-AE19899DE304}.Ad-Hoc|iPhone.Build.0 = Debug|Any CPU
		{DE8BF73A-1A31-43E4-8956-AE19899DE304}.Ad-Hoc|iPhoneSimulator.ActiveCfg = Debug|Any CPU
		{DE8BF73A-1A31-43E4-8956-AE19899DE304}.Ad-Hoc|iPhoneSimulator.Build.0 = Debug|Any CPU
		{DE8BF73A-1A31-43E4-8956-AE19899DE304}.AppStore|Any CPU.ActiveCfg = Debug|Any CPU
		{DE8BF73A-1A31-43E4-8956-AE19899DE304}.AppStore|Any CPU.Build.0 = Debug|Any CPU
		{DE8BF73A-1A31-43E4-8956-AE19899DE304}.AppStore|iPhone.ActiveCfg = Debug|Any CPU
		{DE8BF73A-1A31-43E4-8956-AE19899DE304}.AppStore|iPhone.Build.0 = Debug|Any CPU
		{DE8BF73A-1A31-43E4-8956-AE19899DE304}.AppStore|iPhoneSimulator.ActiveCfg = Debug|Any CPU
		{DE8BF73A-1A31-43E4-8956-AE19899DE304}.AppStore|iPhoneSimulator.Build.0 = Debug|Any CPU
		{DE8BF73A-1A31-43E4-8956-AE19899DE304}.Debug|Any CPU.ActiveCfg = Debug|Any CPU
		{DE8BF73A-1A31-43E4-8956-AE19899DE304}.Debug|Any CPU.Build.0 = Debug|Any CPU
		{DE8BF73A-1A31-43E4-8956-AE19899DE304}.Debug|iPhone.ActiveCfg = Debug|Any CPU
		{DE8BF73A-1A31-43E4-8956-AE19899DE304}.Debug|iPhone.Build.0 = Debug|Any CPU
		{DE8BF73A-1A31-43E4-8956-AE19899DE304}.Debug|iPhoneSimulator.ActiveCfg = Debug|Any CPU
		{DE8BF73A-1A31-43E4-8956-AE19899DE304}.Debug|iPhoneSimulator.Build.0 = Debug|Any CPU
		{DE8BF73A-1A31-43E4-8956-AE19899DE304}.Release|Any CPU.ActiveCfg = Release|Any CPU
		{DE8BF73A-1A31-43E4-8956-AE19899DE304}.Release|Any CPU.Build.0 = Release|Any CPU
		{DE8BF73A-1A31-43E4-8956-AE19899DE304}.Release|iPhone.ActiveCfg = Release|Any CPU
		{DE8BF73A-1A31-43E4-8956-AE19899DE304}.Release|iPhone.Build.0 = Release|Any CPU
		{DE8BF73A-1A31-43E4-8956-AE19899DE304}.Release|iPhoneSimulator.ActiveCfg = Release|Any CPU
		{DE8BF73A-1A31-43E4-8956-AE19899DE304}.Release|iPhoneSimulator.Build.0 = Release|Any CPU
		{3EAA632E-528A-4B06-9294-7B50720234D9}.Ad-Hoc|Any CPU.ActiveCfg = Release|Any CPU
		{3EAA632E-528A-4B06-9294-7B50720234D9}.Ad-Hoc|Any CPU.Build.0 = Release|Any CPU
		{3EAA632E-528A-4B06-9294-7B50720234D9}.Ad-Hoc|Any CPU.Deploy.0 = Release|Any CPU
		{3EAA632E-528A-4B06-9294-7B50720234D9}.Ad-Hoc|iPhone.ActiveCfg = Release|Any CPU
		{3EAA632E-528A-4B06-9294-7B50720234D9}.Ad-Hoc|iPhone.Build.0 = Release|Any CPU
		{3EAA632E-528A-4B06-9294-7B50720234D9}.Ad-Hoc|iPhone.Deploy.0 = Release|Any CPU
		{3EAA632E-528A-4B06-9294-7B50720234D9}.Ad-Hoc|iPhoneSimulator.ActiveCfg = Release|Any CPU
		{3EAA632E-528A-4B06-9294-7B50720234D9}.Ad-Hoc|iPhoneSimulator.Build.0 = Release|Any CPU
		{3EAA632E-528A-4B06-9294-7B50720234D9}.Ad-Hoc|iPhoneSimulator.Deploy.0 = Release|Any CPU
		{3EAA632E-528A-4B06-9294-7B50720234D9}.AppStore|Any CPU.ActiveCfg = Release|Any CPU
		{3EAA632E-528A-4B06-9294-7B50720234D9}.AppStore|Any CPU.Build.0 = Release|Any CPU
		{3EAA632E-528A-4B06-9294-7B50720234D9}.AppStore|Any CPU.Deploy.0 = Release|Any CPU
		{3EAA632E-528A-4B06-9294-7B50720234D9}.AppStore|iPhone.ActiveCfg = Release|Any CPU
		{3EAA632E-528A-4B06-9294-7B50720234D9}.AppStore|iPhone.Build.0 = Release|Any CPU
		{3EAA632E-528A-4B06-9294-7B50720234D9}.AppStore|iPhone.Deploy.0 = Release|Any CPU
		{3EAA632E-528A-4B06-9294-7B50720234D9}.AppStore|iPhoneSimulator.ActiveCfg = Release|Any CPU
		{3EAA632E-528A-4B06-9294-7B50720234D9}.AppStore|iPhoneSimulator.Build.0 = Release|Any CPU
		{3EAA632E-528A-4B06-9294-7B50720234D9}.AppStore|iPhoneSimulator.Deploy.0 = Release|Any CPU
		{3EAA632E-528A-4B06-9294-7B50720234D9}.Debug|Any CPU.ActiveCfg = Debug|Any CPU
		{3EAA632E-528A-4B06-9294-7B50720234D9}.Debug|Any CPU.Build.0 = Debug|Any CPU
		{3EAA632E-528A-4B06-9294-7B50720234D9}.Debug|Any CPU.Deploy.0 = Debug|Any CPU
		{3EAA632E-528A-4B06-9294-7B50720234D9}.Debug|iPhone.ActiveCfg = Debug|Any CPU
		{3EAA632E-528A-4B06-9294-7B50720234D9}.Debug|iPhone.Build.0 = Debug|Any CPU
		{3EAA632E-528A-4B06-9294-7B50720234D9}.Debug|iPhone.Deploy.0 = Debug|Any CPU
		{3EAA632E-528A-4B06-9294-7B50720234D9}.Debug|iPhoneSimulator.ActiveCfg = Debug|Any CPU
		{3EAA632E-528A-4B06-9294-7B50720234D9}.Debug|iPhoneSimulator.Build.0 = Debug|Any CPU
		{3EAA632E-528A-4B06-9294-7B50720234D9}.Debug|iPhoneSimulator.Deploy.0 = Debug|Any CPU
		{3EAA632E-528A-4B06-9294-7B50720234D9}.Release|Any CPU.ActiveCfg = Release|Any CPU
		{3EAA632E-528A-4B06-9294-7B50720234D9}.Release|Any CPU.Build.0 = Release|Any CPU
		{3EAA632E-528A-4B06-9294-7B50720234D9}.Release|Any CPU.Deploy.0 = Release|Any CPU
		{3EAA632E-528A-4B06-9294-7B50720234D9}.Release|iPhone.ActiveCfg = Release|Any CPU
		{3EAA632E-528A-4B06-9294-7B50720234D9}.Release|iPhone.Build.0 = Release|Any CPU
		{3EAA632E-528A-4B06-9294-7B50720234D9}.Release|iPhone.Deploy.0 = Release|Any CPU
		{3EAA632E-528A-4B06-9294-7B50720234D9}.Release|iPhoneSimulator.ActiveCfg = Release|Any CPU
		{3EAA632E-528A-4B06-9294-7B50720234D9}.Release|iPhoneSimulator.Build.0 = Release|Any CPU
		{3EAA632E-528A-4B06-9294-7B50720234D9}.Release|iPhoneSimulator.Deploy.0 = Release|Any CPU
		{BB851E99-8302-4F2D-8CBB-6126209F3415}.Ad-Hoc|Any CPU.ActiveCfg = Ad-Hoc|iPhone
		{BB851E99-8302-4F2D-8CBB-6126209F3415}.Ad-Hoc|iPhone.ActiveCfg = Ad-Hoc|iPhone
		{BB851E99-8302-4F2D-8CBB-6126209F3415}.Ad-Hoc|iPhone.Build.0 = Ad-Hoc|iPhone
		{BB851E99-8302-4F2D-8CBB-6126209F3415}.Ad-Hoc|iPhoneSimulator.ActiveCfg = Ad-Hoc|iPhoneSimulator
		{BB851E99-8302-4F2D-8CBB-6126209F3415}.Ad-Hoc|iPhoneSimulator.Build.0 = Ad-Hoc|iPhoneSimulator
		{BB851E99-8302-4F2D-8CBB-6126209F3415}.AppStore|Any CPU.ActiveCfg = AppStore|iPhone
		{BB851E99-8302-4F2D-8CBB-6126209F3415}.AppStore|iPhone.ActiveCfg = AppStore|iPhone
		{BB851E99-8302-4F2D-8CBB-6126209F3415}.AppStore|iPhone.Build.0 = AppStore|iPhone
		{BB851E99-8302-4F2D-8CBB-6126209F3415}.AppStore|iPhoneSimulator.ActiveCfg = AppStore|iPhoneSimulator
		{BB851E99-8302-4F2D-8CBB-6126209F3415}.AppStore|iPhoneSimulator.Build.0 = AppStore|iPhoneSimulator
		{BB851E99-8302-4F2D-8CBB-6126209F3415}.Debug|Any CPU.ActiveCfg = Debug|iPhone
		{BB851E99-8302-4F2D-8CBB-6126209F3415}.Debug|iPhone.ActiveCfg = Debug|iPhone
		{BB851E99-8302-4F2D-8CBB-6126209F3415}.Debug|iPhone.Build.0 = Debug|iPhone
		{BB851E99-8302-4F2D-8CBB-6126209F3415}.Debug|iPhoneSimulator.ActiveCfg = Debug|iPhoneSimulator
		{BB851E99-8302-4F2D-8CBB-6126209F3415}.Debug|iPhoneSimulator.Build.0 = Debug|iPhoneSimulator
		{BB851E99-8302-4F2D-8CBB-6126209F3415}.Release|Any CPU.ActiveCfg = Release|iPhone
		{BB851E99-8302-4F2D-8CBB-6126209F3415}.Release|iPhone.ActiveCfg = Release|iPhone
		{BB851E99-8302-4F2D-8CBB-6126209F3415}.Release|iPhone.Build.0 = Release|iPhone
		{BB851E99-8302-4F2D-8CBB-6126209F3415}.Release|iPhoneSimulator.ActiveCfg = Release|iPhoneSimulator
		{BB851E99-8302-4F2D-8CBB-6126209F3415}.Release|iPhoneSimulator.Build.0 = Release|iPhoneSimulator
	EndGlobalSection
	GlobalSection(SolutionProperties) = preSolution
		HideSolutionNode = FALSE
	EndGlobalSection
	GlobalSection(ExtensibilityGlobals) = postSolution
		SolutionGuid = {8F5D8AFA-A838-4480-96EB-60EDAFA52B8E}
	EndGlobalSection
EndGlobal
