
Microsoft Visual Studio Solution File, Format Version 12.00
# Visual Studio Version 16
VisualStudioVersion = 16.0.30204.135
MinimumVisualStudioVersion = 10.0.40219.1
Project("{FAE04EC0-301F-11D3-BF4B-00C04F79EFBC}") = "XF4011", "XF4011\XF4011\XF4011.csproj", "{BA64F5AF-7481-46F4-856F-27D686891578}"
EndProject
Project("{FAE04EC0-301F-11D3-BF4B-00C04F79EFBC}") = "XF4011.Android", "XF4011\XF4011.Android\XF4011.Android.csproj", "{23469973-B7FA-41CA-979D-3F6932B98E60}"
EndProject
Project("{FAE04EC0-301F-11D3-BF4B-00C04F79EFBC}") = "XF4011.iOS", "XF4011\XF4011.iOS\XF4011.iOS.csproj", "{7FEE4399-E6EF-42B2-84FE-E17FEC2B7A6D}"
EndProject
Global
	GlobalSection(SolutionConfigurationPlatforms) = preSolution
		Ad-Hoc|Any CPU = Ad-Hoc|Any CPU
		Ad-Hoc|iPhone = Ad-Hoc|iPhone
		Ad-Hoc|iPhoneSimulator = Ad-Hoc|iPhoneSimulator
		AppStore|Any CPU = AppStore|Any CPU
		AppStore|iPhone = AppStore|iPhone
		AppStore|iPhoneSimulator = AppStore|iPhoneSimulator
		Debug|Any CPU = Debug|Any CPU
		Debug|iPhone = Debug|iPhone
		Debug|iPhoneSimulator = Debug|iPhoneSimulator
		Release|Any CPU = Release|Any CPU
		Release|iPhone = Release|iPhone
		Release|iPhoneSimulator = Release|iPhoneSimulator
	EndGlobalSection
	GlobalSection(ProjectConfigurationPlatforms) = postSolution
		{BA64F5AF-7481-46F4-856F-27D686891578}.Ad-Hoc|Any CPU.ActiveCfg = Debug|Any CPU
		{BA64F5AF-7481-46F4-856F-27D686891578}.Ad-Hoc|Any CPU.Build.0 = Debug|Any CPU
		{BA64F5AF-7481-46F4-856F-27D686891578}.Ad-Hoc|iPhone.ActiveCfg = Debug|Any CPU
		{BA64F5AF-7481-46F4-856F-27D686891578}.Ad-Hoc|iPhone.Build.0 = Debug|Any CPU
		{BA64F5AF-7481-46F4-856F-27D686891578}.Ad-Hoc|iPhoneSimulator.ActiveCfg = Debug|Any CPU
		{BA64F5AF-7481-46F4-856F-27D686891578}.Ad-Hoc|iPhoneSimulator.Build.0 = Debug|Any CPU
		{BA64F5AF-7481-46F4-856F-27D686891578}.AppStore|Any CPU.ActiveCfg = Debug|Any CPU
		{BA64F5AF-7481-46F4-856F-27D686891578}.AppStore|Any CPU.Build.0 = Debug|Any CPU
		{BA64F5AF-7481-46F4-856F-27D686891578}.AppStore|iPhone.ActiveCfg = Debug|Any CPU
		{BA64F5AF-7481-46F4-856F-27D686891578}.AppStore|iPhone.Build.0 = Debug|Any CPU
		{BA64F5AF-7481-46F4-856F-27D686891578}.AppStore|iPhoneSimulator.ActiveCfg = Debug|Any CPU
		{BA64F5AF-7481-46F4-856F-27D686891578}.AppStore|iPhoneSimulator.Build.0 = Debug|Any CPU
		{BA64F5AF-7481-46F4-856F-27D686891578}.Debug|Any CPU.ActiveCfg = Debug|Any CPU
		{BA64F5AF-7481-46F4-856F-27D686891578}.Debug|Any CPU.Build.0 = Debug|Any CPU
		{BA64F5AF-7481-46F4-856F-27D686891578}.Debug|iPhone.ActiveCfg = Debug|Any CPU
		{BA64F5AF-7481-46F4-856F-27D686891578}.Debug|iPhone.Build.0 = Debug|Any CPU
		{BA64F5AF-7481-46F4-856F-27D686891578}.Debug|iPhoneSimulator.ActiveCfg = Debug|Any CPU
		{BA64F5AF-7481-46F4-856F-27D686891578}.Debug|iPhoneSimulator.Build.0 = Debug|Any CPU
		{BA64F5AF-7481-46F4-856F-27D686891578}.Release|Any CPU.ActiveCfg = Release|Any CPU
		{BA64F5AF-7481-46F4-856F-27D686891578}.Release|Any CPU.Build.0 = Release|Any CPU
		{BA64F5AF-7481-46F4-856F-27D686891578}.Release|iPhone.ActiveCfg = Release|Any CPU
		{BA64F5AF-7481-46F4-856F-27D686891578}.Release|iPhone.Build.0 = Release|Any CPU
		{BA64F5AF-7481-46F4-856F-27D686891578}.Release|iPhoneSimulator.ActiveCfg = Release|Any CPU
		{BA64F5AF-7481-46F4-856F-27D686891578}.Release|iPhoneSimulator.Build.0 = Release|Any CPU
		{23469973-B7FA-41CA-979D-3F6932B98E60}.Ad-Hoc|Any CPU.ActiveCfg = Release|Any CPU
		{23469973-B7FA-41CA-979D-3F6932B98E60}.Ad-Hoc|Any CPU.Build.0 = Release|Any CPU
		{23469973-B7FA-41CA-979D-3F6932B98E60}.Ad-Hoc|Any CPU.Deploy.0 = Release|Any CPU
		{23469973-B7FA-41CA-979D-3F6932B98E60}.Ad-Hoc|iPhone.ActiveCfg = Release|Any CPU
		{23469973-B7FA-41CA-979D-3F6932B98E60}.Ad-Hoc|iPhone.Build.0 = Release|Any CPU
		{23469973-B7FA-41CA-979D-3F6932B98E60}.Ad-Hoc|iPhone.Deploy.0 = Release|Any CPU
		{23469973-B7FA-41CA-979D-3F6932B98E60}.Ad-Hoc|iPhoneSimulator.ActiveCfg = Release|Any CPU
		{23469973-B7FA-41CA-979D-3F6932B98E60}.Ad-Hoc|iPhoneSimulator.Build.0 = Release|Any CPU
		{23469973-B7FA-41CA-979D-3F6932B98E60}.Ad-Hoc|iPhoneSimulator.Deploy.0 = Release|Any CPU
		{23469973-B7FA-41CA-979D-3F6932B98E60}.AppStore|Any CPU.ActiveCfg = Release|Any CPU
		{23469973-B7FA-41CA-979D-3F6932B98E60}.AppStore|Any CPU.Build.0 = Release|Any CPU
		{23469973-B7FA-41CA-979D-3F6932B98E60}.AppStore|Any CPU.Deploy.0 = Release|Any CPU
		{23469973-B7FA-41CA-979D-3F6932B98E60}.AppStore|iPhone.ActiveCfg = Release|Any CPU
		{23469973-B7FA-41CA-979D-3F6932B98E60}.AppStore|iPhone.Build.0 = Release|Any CPU
		{23469973-B7FA-41CA-979D-3F6932B98E60}.AppStore|iPhone.Deploy.0 = Release|Any CPU
		{23469973-B7FA-41CA-979D-3F6932B98E60}.AppStore|iPhoneSimulator.ActiveCfg = Release|Any CPU
		{23469973-B7FA-41CA-979D-3F6932B98E60}.AppStore|iPhoneSimulator.Build.0 = Release|Any CPU
		{23469973-B7FA-41CA-979D-3F6932B98E60}.AppStore|iPhoneSimulator.Deploy.0 = Release|Any CPU
		{23469973-B7FA-41CA-979D-3F6932B98E60}.Debug|Any CPU.ActiveCfg = Debug|Any CPU
		{23469973-B7FA-41CA-979D-3F6932B98E60}.Debug|Any CPU.Build.0 = Debug|Any CPU
		{23469973-B7FA-41CA-979D-3F6932B98E60}.Debug|Any CPU.Deploy.0 = Debug|Any CPU
		{23469973-B7FA-41CA-979D-3F6932B98E60}.Debug|iPhone.ActiveCfg = Debug|Any CPU
		{23469973-B7FA-41CA-979D-3F6932B98E60}.Debug|iPhone.Build.0 = Debug|Any CPU
		{23469973-B7FA-41CA-979D-3F6932B98E60}.Debug|iPhone.Deploy.0 = Debug|Any CPU
		{23469973-B7FA-41CA-979D-3F6932B98E60}.Debug|iPhoneSimulator.ActiveCfg = Debug|Any CPU
		{23469973-B7FA-41CA-979D-3F6932B98E60}.Debug|iPhoneSimulator.Build.0 = Debug|Any CPU
		{23469973-B7FA-41CA-979D-3F6932B98E60}.Debug|iPhoneSimulator.Deploy.0 = Debug|Any CPU
		{23469973-B7FA-41CA-979D-3F6932B98E60}.Release|Any CPU.ActiveCfg = Release|Any CPU
		{23469973-B7FA-41CA-979D-3F6932B98E60}.Release|Any CPU.Build.0 = Release|Any CPU
		{23469973-B7FA-41CA-979D-3F6932B98E60}.Release|Any CPU.Deploy.0 = Release|Any CPU
		{23469973-B7FA-41CA-979D-3F6932B98E60}.Release|iPhone.ActiveCfg = Release|Any CPU
		{23469973-B7FA-41CA-979D-3F6932B98E60}.Release|iPhone.Build.0 = Release|Any CPU
		{23469973-B7FA-41CA-979D-3F6932B98E60}.Release|iPhone.Deploy.0 = Release|Any CPU
		{23469973-B7FA-41CA-979D-3F6932B98E60}.Release|iPhoneSimulator.ActiveCfg = Release|Any CPU
		{23469973-B7FA-41CA-979D-3F6932B98E60}.Release|iPhoneSimulator.Build.0 = Release|Any CPU
		{23469973-B7FA-41CA-979D-3F6932B98E60}.Release|iPhoneSimulator.Deploy.0 = Release|Any CPU
		{7FEE4399-E6EF-42B2-84FE-E17FEC2B7A6D}.Ad-Hoc|Any CPU.ActiveCfg = Ad-Hoc|iPhone
		{7FEE4399-E6EF-42B2-84FE-E17FEC2B7A6D}.Ad-Hoc|iPhone.ActiveCfg = Ad-Hoc|iPhone
		{7FEE4399-E6EF-42B2-84FE-E17FEC2B7A6D}.Ad-Hoc|iPhone.Build.0 = Ad-Hoc|iPhone
		{7FEE4399-E6EF-42B2-84FE-E17FEC2B7A6D}.Ad-Hoc|iPhoneSimulator.ActiveCfg = Ad-Hoc|iPhoneSimulator
		{7FEE4399-E6EF-42B2-84FE-E17FEC2B7A6D}.Ad-Hoc|iPhoneSimulator.Build.0 = Ad-Hoc|iPhoneSimulator
		{7FEE4399-E6EF-42B2-84FE-E17FEC2B7A6D}.AppStore|Any CPU.ActiveCfg = AppStore|iPhone
		{7FEE4399-E6EF-42B2-84FE-E17FEC2B7A6D}.AppStore|iPhone.ActiveCfg = AppStore|iPhone
		{7FEE4399-E6EF-42B2-84FE-E17FEC2B7A6D}.AppStore|iPhone.Build.0 = AppStore|iPhone
		{7FEE4399-E6EF-42B2-84FE-E17FEC2B7A6D}.AppStore|iPhoneSimulator.ActiveCfg = AppStore|iPhoneSimulator
		{7FEE4399-E6EF-42B2-84FE-E17FEC2B7A6D}.AppStore|iPhoneSimulator.Build.0 = AppStore|iPhoneSimulator
		{7FEE4399-E6EF-42B2-84FE-E17FEC2B7A6D}.Debug|Any CPU.ActiveCfg = Debug|iPhone
		{7FEE4399-E6EF-42B2-84FE-E17FEC2B7A6D}.Debug|iPhone.ActiveCfg = Debug|iPhone
		{7FEE4399-E6EF-42B2-84FE-E17FEC2B7A6D}.Debug|iPhone.Build.0 = Debug|iPhone
		{7FEE4399-E6EF-42B2-84FE-E17FEC2B7A6D}.Debug|iPhoneSimulator.ActiveCfg = Debug|iPhoneSimulator
		{7FEE4399-E6EF-42B2-84FE-E17FEC2B7A6D}.Debug|iPhoneSimulator.Build.0 = Debug|iPhoneSimulator
		{7FEE4399-E6EF-42B2-84FE-E17FEC2B7A6D}.Release|Any CPU.ActiveCfg = Release|iPhone
		{7FEE4399-E6EF-42B2-84FE-E17FEC2B7A6D}.Release|iPhone.ActiveCfg = Release|iPhone
		{7FEE4399-E6EF-42B2-84FE-E17FEC2B7A6D}.Release|iPhone.Build.0 = Release|iPhone
		{7FEE4399-E6EF-42B2-84FE-E17FEC2B7A6D}.Release|iPhoneSimulator.ActiveCfg = Release|iPhoneSimulator
		{7FEE4399-E6EF-42B2-84FE-E17FEC2B7A6D}.Release|iPhoneSimulator.Build.0 = Release|iPhoneSimulator
	EndGlobalSection
	GlobalSection(SolutionProperties) = preSolution
		HideSolutionNode = FALSE
	EndGlobalSection
	GlobalSection(ExtensibilityGlobals) = postSolution
		SolutionGuid = {2BC571B6-4B72-4791-9F49-7920AB014A0A}
	EndGlobalSection
EndGlobal
