
Microsoft Visual Studio Solution File, Format Version 12.00
# Visual Studio Version 16
VisualStudioVersion = 16.0.30204.135
MinimumVisualStudioVersion = 10.0.40219.1
Project("{FAE04EC0-301F-11D3-BF4B-00C04F79EFBC}") = "xf3019", "xf3019\xf3019\xf3019.csproj", "{ADB22DC9-6D19-4390-A817-13628617E3B3}"
EndProject
Project("{FAE04EC0-301F-11D3-BF4B-00C04F79EFBC}") = "xf3019.Android", "xf3019\xf3019.Android\xf3019.Android.csproj", "{52383524-2F36-4F49-A8B4-7B6109B6ACAA}"
EndProject
Project("{FAE04EC0-301F-11D3-BF4B-00C04F79EFBC}") = "xf3019.iOS", "xf3019\xf3019.iOS\xf3019.iOS.csproj", "{93842B80-85AA-4BB5-8FCF-15D2E17ACE2B}"
EndProject
Global
	GlobalSection(SolutionConfigurationPlatforms) = preSolution
		Ad-Hoc|Any CPU = Ad-Hoc|Any CPU
		Ad-Hoc|iPhone = Ad-Hoc|iPhone
		Ad-Hoc|iPhoneSimulator = Ad-Hoc|iPhoneSimulator
		AppStore|Any CPU = AppStore|Any CPU
		AppStore|iPhone = AppStore|iPhone
		AppStore|iPhoneSimulator = AppStore|iPhoneSimulator
		Debug|Any CPU = Debug|Any CPU
		Debug|iPhone = Debug|iPhone
		Debug|iPhoneSimulator = Debug|iPhoneSimulator
		Release|Any CPU = Release|Any CPU
		Release|iPhone = Release|iPhone
		Release|iPhoneSimulator = Release|iPhoneSimulator
	EndGlobalSection
	GlobalSection(ProjectConfigurationPlatforms) = postSolution
		{ADB22DC9-6D19-4390-A817-13628617E3B3}.Ad-Hoc|Any CPU.ActiveCfg = Debug|Any CPU
		{ADB22DC9-6D19-4390-A817-13628617E3B3}.Ad-Hoc|Any CPU.Build.0 = Debug|Any CPU
		{ADB22DC9-6D19-4390-A817-13628617E3B3}.Ad-Hoc|iPhone.ActiveCfg = Debug|Any CPU
		{ADB22DC9-6D19-4390-A817-13628617E3B3}.Ad-Hoc|iPhone.Build.0 = Debug|Any CPU
		{ADB22DC9-6D19-4390-A817-13628617E3B3}.Ad-Hoc|iPhoneSimulator.ActiveCfg = Debug|Any CPU
		{ADB22DC9-6D19-4390-A817-13628617E3B3}.Ad-Hoc|iPhoneSimulator.Build.0 = Debug|Any CPU
		{ADB22DC9-6D19-4390-A817-13628617E3B3}.AppStore|Any CPU.ActiveCfg = Debug|Any CPU
		{ADB22DC9-6D19-4390-A817-13628617E3B3}.AppStore|Any CPU.Build.0 = Debug|Any CPU
		{ADB22DC9-6D19-4390-A817-13628617E3B3}.AppStore|iPhone.ActiveCfg = Debug|Any CPU
		{ADB22DC9-6D19-4390-A817-13628617E3B3}.AppStore|iPhone.Build.0 = Debug|Any CPU
		{ADB22DC9-6D19-4390-A817-13628617E3B3}.AppStore|iPhoneSimulator.ActiveCfg = Debug|Any CPU
		{ADB22DC9-6D19-4390-A817-13628617E3B3}.AppStore|iPhoneSimulator.Build.0 = Debug|Any CPU
		{ADB22DC9-6D19-4390-A817-13628617E3B3}.Debug|Any CPU.ActiveCfg = Debug|Any CPU
		{ADB22DC9-6D19-4390-A817-13628617E3B3}.Debug|Any CPU.Build.0 = Debug|Any CPU
		{ADB22DC9-6D19-4390-A817-13628617E3B3}.Debug|iPhone.ActiveCfg = Debug|Any CPU
		{ADB22DC9-6D19-4390-A817-13628617E3B3}.Debug|iPhone.Build.0 = Debug|Any CPU
		{ADB22DC9-6D19-4390-A817-13628617E3B3}.Debug|iPhoneSimulator.ActiveCfg = Debug|Any CPU
		{ADB22DC9-6D19-4390-A817-13628617E3B3}.Debug|iPhoneSimulator.Build.0 = Debug|Any CPU
		{ADB22DC9-6D19-4390-A817-13628617E3B3}.Release|Any CPU.ActiveCfg = Release|Any CPU
		{ADB22DC9-6D19-4390-A817-13628617E3B3}.Release|Any CPU.Build.0 = Release|Any CPU
		{ADB22DC9-6D19-4390-A817-13628617E3B3}.Release|iPhone.ActiveCfg = Release|Any CPU
		{ADB22DC9-6D19-4390-A817-13628617E3B3}.Release|iPhone.Build.0 = Release|Any CPU
		{ADB22DC9-6D19-4390-A817-13628617E3B3}.Release|iPhoneSimulator.ActiveCfg = Release|Any CPU
		{ADB22DC9-6D19-4390-A817-13628617E3B3}.Release|iPhoneSimulator.Build.0 = Release|Any CPU
		{52383524-2F36-4F49-A8B4-7B6109B6ACAA}.Ad-Hoc|Any CPU.ActiveCfg = Release|Any CPU
		{52383524-2F36-4F49-A8B4-7B6109B6ACAA}.Ad-Hoc|Any CPU.Build.0 = Release|Any CPU
		{52383524-2F36-4F49-A8B4-7B6109B6ACAA}.Ad-Hoc|Any CPU.Deploy.0 = Release|Any CPU
		{52383524-2F36-4F49-A8B4-7B6109B6ACAA}.Ad-Hoc|iPhone.ActiveCfg = Release|Any CPU
		{52383524-2F36-4F49-A8B4-7B6109B6ACAA}.Ad-Hoc|iPhone.Build.0 = Release|Any CPU
		{52383524-2F36-4F49-A8B4-7B6109B6ACAA}.Ad-Hoc|iPhone.Deploy.0 = Release|Any CPU
		{52383524-2F36-4F49-A8B4-7B6109B6ACAA}.Ad-Hoc|iPhoneSimulator.ActiveCfg = Release|Any CPU
		{52383524-2F36-4F49-A8B4-7B6109B6ACAA}.Ad-Hoc|iPhoneSimulator.Build.0 = Release|Any CPU
		{52383524-2F36-4F49-A8B4-7B6109B6ACAA}.Ad-Hoc|iPhoneSimulator.Deploy.0 = Release|Any CPU
		{52383524-2F36-4F49-A8B4-7B6109B6ACAA}.AppStore|Any CPU.ActiveCfg = Release|Any CPU
		{52383524-2F36-4F49-A8B4-7B6109B6ACAA}.AppStore|Any CPU.Build.0 = Release|Any CPU
		{52383524-2F36-4F49-A8B4-7B6109B6ACAA}.AppStore|Any CPU.Deploy.0 = Release|Any CPU
		{52383524-2F36-4F49-A8B4-7B6109B6ACAA}.AppStore|iPhone.ActiveCfg = Release|Any CPU
		{52383524-2F36-4F49-A8B4-7B6109B6ACAA}.AppStore|iPhone.Build.0 = Release|Any CPU
		{52383524-2F36-4F49-A8B4-7B6109B6ACAA}.AppStore|iPhone.Deploy.0 = Release|Any CPU
		{52383524-2F36-4F49-A8B4-7B6109B6ACAA}.AppStore|iPhoneSimulator.ActiveCfg = Release|Any CPU
		{52383524-2F36-4F49-A8B4-7B6109B6ACAA}.AppStore|iPhoneSimulator.Build.0 = Release|Any CPU
		{52383524-2F36-4F49-A8B4-7B6109B6ACAA}.AppStore|iPhoneSimulator.Deploy.0 = Release|Any CPU
		{52383524-2F36-4F49-A8B4-7B6109B6ACAA}.Debug|Any CPU.ActiveCfg = Debug|Any CPU
		{52383524-2F36-4F49-A8B4-7B6109B6ACAA}.Debug|Any CPU.Build.0 = Debug|Any CPU
		{52383524-2F36-4F49-A8B4-7B6109B6ACAA}.Debug|Any CPU.Deploy.0 = Debug|Any CPU
		{52383524-2F36-4F49-A8B4-7B6109B6ACAA}.Debug|iPhone.ActiveCfg = Debug|Any CPU
		{52383524-2F36-4F49-A8B4-7B6109B6ACAA}.Debug|iPhone.Build.0 = Debug|Any CPU
		{52383524-2F36-4F49-A8B4-7B6109B6ACAA}.Debug|iPhone.Deploy.0 = Debug|Any CPU
		{52383524-2F36-4F49-A8B4-7B6109B6ACAA}.Debug|iPhoneSimulator.ActiveCfg = Debug|Any CPU
		{52383524-2F36-4F49-A8B4-7B6109B6ACAA}.Debug|iPhoneSimulator.Build.0 = Debug|Any CPU
		{52383524-2F36-4F49-A8B4-7B6109B6ACAA}.Debug|iPhoneSimulator.Deploy.0 = Debug|Any CPU
		{52383524-2F36-4F49-A8B4-7B6109B6ACAA}.Release|Any CPU.ActiveCfg = Release|Any CPU
		{52383524-2F36-4F49-A8B4-7B6109B6ACAA}.Release|Any CPU.Build.0 = Release|Any CPU
		{52383524-2F36-4F49-A8B4-7B6109B6ACAA}.Release|Any CPU.Deploy.0 = Release|Any CPU
		{52383524-2F36-4F49-A8B4-7B6109B6ACAA}.Release|iPhone.ActiveCfg = Release|Any CPU
		{52383524-2F36-4F49-A8B4-7B6109B6ACAA}.Release|iPhone.Build.0 = Release|Any CPU
		{52383524-2F36-4F49-A8B4-7B6109B6ACAA}.Release|iPhone.Deploy.0 = Release|Any CPU
		{52383524-2F36-4F49-A8B4-7B6109B6ACAA}.Release|iPhoneSimulator.ActiveCfg = Release|Any CPU
		{52383524-2F36-4F49-A8B4-7B6109B6ACAA}.Release|iPhoneSimulator.Build.0 = Release|Any CPU
		{52383524-2F36-4F49-A8B4-7B6109B6ACAA}.Release|iPhoneSimulator.Deploy.0 = Release|Any CPU
		{93842B80-85AA-4BB5-8FCF-15D2E17ACE2B}.Ad-Hoc|Any CPU.ActiveCfg = Ad-Hoc|iPhone
		{93842B80-85AA-4BB5-8FCF-15D2E17ACE2B}.Ad-Hoc|iPhone.ActiveCfg = Ad-Hoc|iPhone
		{93842B80-85AA-4BB5-8FCF-15D2E17ACE2B}.Ad-Hoc|iPhone.Build.0 = Ad-Hoc|iPhone
		{93842B80-85AA-4BB5-8FCF-15D2E17ACE2B}.Ad-Hoc|iPhoneSimulator.ActiveCfg = Ad-Hoc|iPhoneSimulator
		{93842B80-85AA-4BB5-8FCF-15D2E17ACE2B}.Ad-Hoc|iPhoneSimulator.Build.0 = Ad-Hoc|iPhoneSimulator
		{93842B80-85AA-4BB5-8FCF-15D2E17ACE2B}.AppStore|Any CPU.ActiveCfg = AppStore|iPhone
		{93842B80-85AA-4BB5-8FCF-15D2E17ACE2B}.AppStore|iPhone.ActiveCfg = AppStore|iPhone
		{93842B80-85AA-4BB5-8FCF-15D2E17ACE2B}.AppStore|iPhone.Build.0 = AppStore|iPhone
		{93842B80-85AA-4BB5-8FCF-15D2E17ACE2B}.AppStore|iPhoneSimulator.ActiveCfg = AppStore|iPhoneSimulator
		{93842B80-85AA-4BB5-8FCF-15D2E17ACE2B}.AppStore|iPhoneSimulator.Build.0 = AppStore|iPhoneSimulator
		{93842B80-85AA-4BB5-8FCF-15D2E17ACE2B}.Debug|Any CPU.ActiveCfg = Debug|iPhone
		{93842B80-85AA-4BB5-8FCF-15D2E17ACE2B}.Debug|iPhone.ActiveCfg = Debug|iPhone
		{93842B80-85AA-4BB5-8FCF-15D2E17ACE2B}.Debug|iPhone.Build.0 = Debug|iPhone
		{93842B80-85AA-4BB5-8FCF-15D2E17ACE2B}.Debug|iPhoneSimulator.ActiveCfg = Debug|iPhoneSimulator
		{93842B80-85AA-4BB5-8FCF-15D2E17ACE2B}.Debug|iPhoneSimulator.Build.0 = Debug|iPhoneSimulator
		{93842B80-85AA-4BB5-8FCF-15D2E17ACE2B}.Release|Any CPU.ActiveCfg = Release|iPhone
		{93842B80-85AA-4BB5-8FCF-15D2E17ACE2B}.Release|iPhone.ActiveCfg = Release|iPhone
		{93842B80-85AA-4BB5-8FCF-15D2E17ACE2B}.Release|iPhone.Build.0 = Release|iPhone
		{93842B80-85AA-4BB5-8FCF-15D2E17ACE2B}.Release|iPhoneSimulator.ActiveCfg = Release|iPhoneSimulator
		{93842B80-85AA-4BB5-8FCF-15D2E17ACE2B}.Release|iPhoneSimulator.Build.0 = Release|iPhoneSimulator
	EndGlobalSection
	GlobalSection(SolutionProperties) = preSolution
		HideSolutionNode = FALSE
	EndGlobalSection
	GlobalSection(ExtensibilityGlobals) = postSolution
		SolutionGuid = {04C11E70-DF5F-4947-AF5A-8E29431E5C6F}
	EndGlobalSection
EndGlobal
