
Microsoft Visual Studio Solution File, Format Version 12.00
# Visual Studio Version 16
VisualStudioVersion = 16.0.30204.135
MinimumVisualStudioVersion = 10.0.40219.1
Project("{FAE04EC0-301F-11D3-BF4B-00C04F79EFBC}") = "xfLogin", "xfLogin\xfLogin\xfLogin.csproj", "{C72AB3AC-F275-4916-B0C7-81445ACB98E8}"
EndProject
Project("{FAE04EC0-301F-11D3-BF4B-00C04F79EFBC}") = "xfLogin.Android", "xfLogin\xfLogin.Android\xfLogin.Android.csproj", "{B8A0D7EC-93CB-4382-A666-71510FC8BEAC}"
EndProject
Project("{FAE04EC0-301F-11D3-BF4B-00C04F79EFBC}") = "xfLogin.iOS", "xfLogin\xfLogin.iOS\xfLogin.iOS.csproj", "{1B67F078-C7B2-426D-A46F-36291541E5B1}"
EndProject
Global
	GlobalSection(SolutionConfigurationPlatforms) = preSolution
		Ad-Hoc|Any CPU = Ad-Hoc|Any CPU
		Ad-Hoc|iPhone = Ad-Hoc|iPhone
		Ad-Hoc|iPhoneSimulator = Ad-Hoc|iPhoneSimulator
		AppStore|Any CPU = AppStore|Any CPU
		AppStore|iPhone = AppStore|iPhone
		AppStore|iPhoneSimulator = AppStore|iPhoneSimulator
		Debug|Any CPU = Debug|Any CPU
		Debug|iPhone = Debug|iPhone
		Debug|iPhoneSimulator = Debug|iPhoneSimulator
		Release|Any CPU = Release|Any CPU
		Release|iPhone = Release|iPhone
		Release|iPhoneSimulator = Release|iPhoneSimulator
	EndGlobalSection
	GlobalSection(ProjectConfigurationPlatforms) = postSolution
		{C72AB3AC-F275-4916-B0C7-81445ACB98E8}.Ad-Hoc|Any CPU.ActiveCfg = Debug|Any CPU
		{C72AB3AC-F275-4916-B0C7-81445ACB98E8}.Ad-Hoc|Any CPU.Build.0 = Debug|Any CPU
		{C72AB3AC-F275-4916-B0C7-81445ACB98E8}.Ad-Hoc|iPhone.ActiveCfg = Debug|Any CPU
		{C72AB3AC-F275-4916-B0C7-81445ACB98E8}.Ad-Hoc|iPhone.Build.0 = Debug|Any CPU
		{C72AB3AC-F275-4916-B0C7-81445ACB98E8}.Ad-Hoc|iPhoneSimulator.ActiveCfg = Debug|Any CPU
		{C72AB3AC-F275-4916-B0C7-81445ACB98E8}.Ad-Hoc|iPhoneSimulator.Build.0 = Debug|Any CPU
		{C72AB3AC-F275-4916-B0C7-81445ACB98E8}.AppStore|Any CPU.ActiveCfg = Debug|Any CPU
		{C72AB3AC-F275-4916-B0C7-81445ACB98E8}.AppStore|Any CPU.Build.0 = Debug|Any CPU
		{C72AB3AC-F275-4916-B0C7-81445ACB98E8}.AppStore|iPhone.ActiveCfg = Debug|Any CPU
		{C72AB3AC-F275-4916-B0C7-81445ACB98E8}.AppStore|iPhone.Build.0 = Debug|Any CPU
		{C72AB3AC-F275-4916-B0C7-81445ACB98E8}.AppStore|iPhoneSimulator.ActiveCfg = Debug|Any CPU
		{C72AB3AC-F275-4916-B0C7-81445ACB98E8}.AppStore|iPhoneSimulator.Build.0 = Debug|Any CPU
		{C72AB3AC-F275-4916-B0C7-81445ACB98E8}.Debug|Any CPU.ActiveCfg = Debug|Any CPU
		{C72AB3AC-F275-4916-B0C7-81445ACB98E8}.Debug|Any CPU.Build.0 = Debug|Any CPU
		{C72AB3AC-F275-4916-B0C7-81445ACB98E8}.Debug|iPhone.ActiveCfg = Debug|Any CPU
		{C72AB3AC-F275-4916-B0C7-81445ACB98E8}.Debug|iPhone.Build.0 = Debug|Any CPU
		{C72AB3AC-F275-4916-B0C7-81445ACB98E8}.Debug|iPhoneSimulator.ActiveCfg = Debug|Any CPU
		{C72AB3AC-F275-4916-B0C7-81445ACB98E8}.Debug|iPhoneSimulator.Build.0 = Debug|Any CPU
		{C72AB3AC-F275-4916-B0C7-81445ACB98E8}.Release|Any CPU.ActiveCfg = Release|Any CPU
		{C72AB3AC-F275-4916-B0C7-81445ACB98E8}.Release|Any CPU.Build.0 = Release|Any CPU
		{C72AB3AC-F275-4916-B0C7-81445ACB98E8}.Release|iPhone.ActiveCfg = Release|Any CPU
		{C72AB3AC-F275-4916-B0C7-81445ACB98E8}.Release|iPhone.Build.0 = Release|Any CPU
		{C72AB3AC-F275-4916-B0C7-81445ACB98E8}.Release|iPhoneSimulator.ActiveCfg = Release|Any CPU
		{C72AB3AC-F275-4916-B0C7-81445ACB98E8}.Release|iPhoneSimulator.Build.0 = Release|Any CPU
		{B8A0D7EC-93CB-4382-A666-71510FC8BEAC}.Ad-Hoc|Any CPU.ActiveCfg = Release|Any CPU
		{B8A0D7EC-93CB-4382-A666-71510FC8BEAC}.Ad-Hoc|Any CPU.Build.0 = Release|Any CPU
		{B8A0D7EC-93CB-4382-A666-71510FC8BEAC}.Ad-Hoc|Any CPU.Deploy.0 = Release|Any CPU
		{B8A0D7EC-93CB-4382-A666-71510FC8BEAC}.Ad-Hoc|iPhone.ActiveCfg = Release|Any CPU
		{B8A0D7EC-93CB-4382-A666-71510FC8BEAC}.Ad-Hoc|iPhone.Build.0 = Release|Any CPU
		{B8A0D7EC-93CB-4382-A666-71510FC8BEAC}.Ad-Hoc|iPhone.Deploy.0 = Release|Any CPU
		{B8A0D7EC-93CB-4382-A666-71510FC8BEAC}.Ad-Hoc|iPhoneSimulator.ActiveCfg = Release|Any CPU
		{B8A0D7EC-93CB-4382-A666-71510FC8BEAC}.Ad-Hoc|iPhoneSimulator.Build.0 = Release|Any CPU
		{B8A0D7EC-93CB-4382-A666-71510FC8BEAC}.Ad-Hoc|iPhoneSimulator.Deploy.0 = Release|Any CPU
		{B8A0D7EC-93CB-4382-A666-71510FC8BEAC}.AppStore|Any CPU.ActiveCfg = Release|Any CPU
		{B8A0D7EC-93CB-4382-A666-71510FC8BEAC}.AppStore|Any CPU.Build.0 = Release|Any CPU
		{B8A0D7EC-93CB-4382-A666-71510FC8BEAC}.AppStore|Any CPU.Deploy.0 = Release|Any CPU
		{B8A0D7EC-93CB-4382-A666-71510FC8BEAC}.AppStore|iPhone.ActiveCfg = Release|Any CPU
		{B8A0D7EC-93CB-4382-A666-71510FC8BEAC}.AppStore|iPhone.Build.0 = Release|Any CPU
		{B8A0D7EC-93CB-4382-A666-71510FC8BEAC}.AppStore|iPhone.Deploy.0 = Release|Any CPU
		{B8A0D7EC-93CB-4382-A666-71510FC8BEAC}.AppStore|iPhoneSimulator.ActiveCfg = Release|Any CPU
		{B8A0D7EC-93CB-4382-A666-71510FC8BEAC}.AppStore|iPhoneSimulator.Build.0 = Release|Any CPU
		{B8A0D7EC-93CB-4382-A666-71510FC8BEAC}.AppStore|iPhoneSimulator.Deploy.0 = Release|Any CPU
		{B8A0D7EC-93CB-4382-A666-71510FC8BEAC}.Debug|Any CPU.ActiveCfg = Debug|Any CPU
		{B8A0D7EC-93CB-4382-A666-71510FC8BEAC}.Debug|Any CPU.Build.0 = Debug|Any CPU
		{B8A0D7EC-93CB-4382-A666-71510FC8BEAC}.Debug|Any CPU.Deploy.0 = Debug|Any CPU
		{B8A0D7EC-93CB-4382-A666-71510FC8BEAC}.Debug|iPhone.ActiveCfg = Debug|Any CPU
		{B8A0D7EC-93CB-4382-A666-71510FC8BEAC}.Debug|iPhone.Build.0 = Debug|Any CPU
		{B8A0D7EC-93CB-4382-A666-71510FC8BEAC}.Debug|iPhone.Deploy.0 = Debug|Any CPU
		{B8A0D7EC-93CB-4382-A666-71510FC8BEAC}.Debug|iPhoneSimulator.ActiveCfg = Debug|Any CPU
		{B8A0D7EC-93CB-4382-A666-71510FC8BEAC}.Debug|iPhoneSimulator.Build.0 = Debug|Any CPU
		{B8A0D7EC-93CB-4382-A666-71510FC8BEAC}.Debug|iPhoneSimulator.Deploy.0 = Debug|Any CPU
		{B8A0D7EC-93CB-4382-A666-71510FC8BEAC}.Release|Any CPU.ActiveCfg = Release|Any CPU
		{B8A0D7EC-93CB-4382-A666-71510FC8BEAC}.Release|Any CPU.Build.0 = Release|Any CPU
		{B8A0D7EC-93CB-4382-A666-71510FC8BEAC}.Release|Any CPU.Deploy.0 = Release|Any CPU
		{B8A0D7EC-93CB-4382-A666-71510FC8BEAC}.Release|iPhone.ActiveCfg = Release|Any CPU
		{B8A0D7EC-93CB-4382-A666-71510FC8BEAC}.Release|iPhone.Build.0 = Release|Any CPU
		{B8A0D7EC-93CB-4382-A666-71510FC8BEAC}.Release|iPhone.Deploy.0 = Release|Any CPU
		{B8A0D7EC-93CB-4382-A666-71510FC8BEAC}.Release|iPhoneSimulator.ActiveCfg = Release|Any CPU
		{B8A0D7EC-93CB-4382-A666-71510FC8BEAC}.Release|iPhoneSimulator.Build.0 = Release|Any CPU
		{B8A0D7EC-93CB-4382-A666-71510FC8BEAC}.Release|iPhoneSimulator.Deploy.0 = Release|Any CPU
		{1B67F078-C7B2-426D-A46F-36291541E5B1}.Ad-Hoc|Any CPU.ActiveCfg = Ad-Hoc|iPhone
		{1B67F078-C7B2-426D-A46F-36291541E5B1}.Ad-Hoc|iPhone.ActiveCfg = Ad-Hoc|iPhone
		{1B67F078-C7B2-426D-A46F-36291541E5B1}.Ad-Hoc|iPhone.Build.0 = Ad-Hoc|iPhone
		{1B67F078-C7B2-426D-A46F-36291541E5B1}.Ad-Hoc|iPhoneSimulator.ActiveCfg = Ad-Hoc|iPhoneSimulator
		{1B67F078-C7B2-426D-A46F-36291541E5B1}.Ad-Hoc|iPhoneSimulator.Build.0 = Ad-Hoc|iPhoneSimulator
		{1B67F078-C7B2-426D-A46F-36291541E5B1}.AppStore|Any CPU.ActiveCfg = AppStore|iPhone
		{1B67F078-C7B2-426D-A46F-36291541E5B1}.AppStore|iPhone.ActiveCfg = AppStore|iPhone
		{1B67F078-C7B2-426D-A46F-36291541E5B1}.AppStore|iPhone.Build.0 = AppStore|iPhone
		{1B67F078-C7B2-426D-A46F-36291541E5B1}.AppStore|iPhoneSimulator.ActiveCfg = AppStore|iPhoneSimulator
		{1B67F078-C7B2-426D-A46F-36291541E5B1}.AppStore|iPhoneSimulator.Build.0 = AppStore|iPhoneSimulator
		{1B67F078-C7B2-426D-A46F-36291541E5B1}.Debug|Any CPU.ActiveCfg = Debug|iPhone
		{1B67F078-C7B2-426D-A46F-36291541E5B1}.Debug|iPhone.ActiveCfg = Debug|iPhone
		{1B67F078-C7B2-426D-A46F-36291541E5B1}.Debug|iPhone.Build.0 = Debug|iPhone
		{1B67F078-C7B2-426D-A46F-36291541E5B1}.Debug|iPhoneSimulator.ActiveCfg = Debug|iPhoneSimulator
		{1B67F078-C7B2-426D-A46F-36291541E5B1}.Debug|iPhoneSimulator.Build.0 = Debug|iPhoneSimulator
		{1B67F078-C7B2-426D-A46F-36291541E5B1}.Release|Any CPU.ActiveCfg = Release|iPhone
		{1B67F078-C7B2-426D-A46F-36291541E5B1}.Release|iPhone.ActiveCfg = Release|iPhone
		{1B67F078-C7B2-426D-A46F-36291541E5B1}.Release|iPhone.Build.0 = Release|iPhone
		{1B67F078-C7B2-426D-A46F-36291541E5B1}.Release|iPhoneSimulator.ActiveCfg = Release|iPhoneSimulator
		{1B67F078-C7B2-426D-A46F-36291541E5B1}.Release|iPhoneSimulator.Build.0 = Release|iPhoneSimulator
	EndGlobalSection
	GlobalSection(SolutionProperties) = preSolution
		HideSolutionNode = FALSE
	EndGlobalSection
	GlobalSection(ExtensibilityGlobals) = postSolution
		SolutionGuid = {7E9968F0-B037-408C-8A5E-C99A7C862FC1}
	EndGlobalSection
EndGlobal
