
Microsoft Visual Studio Solution File, Format Version 12.00
# Visual Studio Version 16
VisualStudioVersion = 16.0.30128.74
MinimumVisualStudioVersion = 10.0.40219.1
Project("{FAE04EC0-301F-11D3-BF4B-00C04F79EFBC}") = "XF2007", "XF2007\XF2007\XF2007.csproj", "{80646FC5-7DE7-4B80-967D-9763920C7B50}"
EndProject
Project("{FAE04EC0-301F-11D3-BF4B-00C04F79EFBC}") = "XF2007.Android", "XF2007\XF2007.Android\XF2007.Android.csproj", "{FFFF09F6-868B-489D-8AB7-33F275E9D1DD}"
EndProject
Project("{FAE04EC0-301F-11D3-BF4B-00C04F79EFBC}") = "XF2007.iOS", "XF2007\XF2007.iOS\XF2007.iOS.csproj", "{70510D64-4B34-4D51-81CF-020EC5179CDA}"
EndProject
Global
	GlobalSection(SolutionConfigurationPlatforms) = preSolution
		Ad-Hoc|Any CPU = Ad-Hoc|Any CPU
		Ad-Hoc|iPhone = Ad-Hoc|iPhone
		Ad-Hoc|iPhoneSimulator = Ad-Hoc|iPhoneSimulator
		AppStore|Any CPU = AppStore|Any CPU
		AppStore|iPhone = AppStore|iPhone
		AppStore|iPhoneSimulator = AppStore|iPhoneSimulator
		Debug|Any CPU = Debug|Any CPU
		Debug|iPhone = Debug|iPhone
		Debug|iPhoneSimulator = Debug|iPhoneSimulator
		Release|Any CPU = Release|Any CPU
		Release|iPhone = Release|iPhone
		Release|iPhoneSimulator = Release|iPhoneSimulator
	EndGlobalSection
	GlobalSection(ProjectConfigurationPlatforms) = postSolution
		{80646FC5-7DE7-4B80-967D-9763920C7B50}.Ad-Hoc|Any CPU.ActiveCfg = Debug|Any CPU
		{80646FC5-7DE7-4B80-967D-9763920C7B50}.Ad-Hoc|Any CPU.Build.0 = Debug|Any CPU
		{80646FC5-7DE7-4B80-967D-9763920C7B50}.Ad-Hoc|iPhone.ActiveCfg = Debug|Any CPU
		{80646FC5-7DE7-4B80-967D-9763920C7B50}.Ad-Hoc|iPhone.Build.0 = Debug|Any CPU
		{80646FC5-7DE7-4B80-967D-9763920C7B50}.Ad-Hoc|iPhoneSimulator.ActiveCfg = Debug|Any CPU
		{80646FC5-7DE7-4B80-967D-9763920C7B50}.Ad-Hoc|iPhoneSimulator.Build.0 = Debug|Any CPU
		{80646FC5-7DE7-4B80-967D-9763920C7B50}.AppStore|Any CPU.ActiveCfg = Debug|Any CPU
		{80646FC5-7DE7-4B80-967D-9763920C7B50}.AppStore|Any CPU.Build.0 = Debug|Any CPU
		{80646FC5-7DE7-4B80-967D-9763920C7B50}.AppStore|iPhone.ActiveCfg = Debug|Any CPU
		{80646FC5-7DE7-4B80-967D-9763920C7B50}.AppStore|iPhone.Build.0 = Debug|Any CPU
		{80646FC5-7DE7-4B80-967D-9763920C7B50}.AppStore|iPhoneSimulator.ActiveCfg = Debug|Any CPU
		{80646FC5-7DE7-4B80-967D-9763920C7B50}.AppStore|iPhoneSimulator.Build.0 = Debug|Any CPU
		{80646FC5-7DE7-4B80-967D-9763920C7B50}.Debug|Any CPU.ActiveCfg = Debug|Any CPU
		{80646FC5-7DE7-4B80-967D-9763920C7B50}.Debug|Any CPU.Build.0 = Debug|Any CPU
		{80646FC5-7DE7-4B80-967D-9763920C7B50}.Debug|iPhone.ActiveCfg = Debug|Any CPU
		{80646FC5-7DE7-4B80-967D-9763920C7B50}.Debug|iPhone.Build.0 = Debug|Any CPU
		{80646FC5-7DE7-4B80-967D-9763920C7B50}.Debug|iPhoneSimulator.ActiveCfg = Debug|Any CPU
		{80646FC5-7DE7-4B80-967D-9763920C7B50}.Debug|iPhoneSimulator.Build.0 = Debug|Any CPU
		{80646FC5-7DE7-4B80-967D-9763920C7B50}.Release|Any CPU.ActiveCfg = Release|Any CPU
		{80646FC5-7DE7-4B80-967D-9763920C7B50}.Release|Any CPU.Build.0 = Release|Any CPU
		{80646FC5-7DE7-4B80-967D-9763920C7B50}.Release|iPhone.ActiveCfg = Release|Any CPU
		{80646FC5-7DE7-4B80-967D-9763920C7B50}.Release|iPhone.Build.0 = Release|Any CPU
		{80646FC5-7DE7-4B80-967D-9763920C7B50}.Release|iPhoneSimulator.ActiveCfg = Release|Any CPU
		{80646FC5-7DE7-4B80-967D-9763920C7B50}.Release|iPhoneSimulator.Build.0 = Release|Any CPU
		{FFFF09F6-868B-489D-8AB7-33F275E9D1DD}.Ad-Hoc|Any CPU.ActiveCfg = Release|Any CPU
		{FFFF09F6-868B-489D-8AB7-33F275E9D1DD}.Ad-Hoc|Any CPU.Build.0 = Release|Any CPU
		{FFFF09F6-868B-489D-8AB7-33F275E9D1DD}.Ad-Hoc|Any CPU.Deploy.0 = Release|Any CPU
		{FFFF09F6-868B-489D-8AB7-33F275E9D1DD}.Ad-Hoc|iPhone.ActiveCfg = Release|Any CPU
		{FFFF09F6-868B-489D-8AB7-33F275E9D1DD}.Ad-Hoc|iPhone.Build.0 = Release|Any CPU
		{FFFF09F6-868B-489D-8AB7-33F275E9D1DD}.Ad-Hoc|iPhone.Deploy.0 = Release|Any CPU
		{FFFF09F6-868B-489D-8AB7-33F275E9D1DD}.Ad-Hoc|iPhoneSimulator.ActiveCfg = Release|Any CPU
		{FFFF09F6-868B-489D-8AB7-33F275E9D1DD}.Ad-Hoc|iPhoneSimulator.Build.0 = Release|Any CPU
		{FFFF09F6-868B-489D-8AB7-33F275E9D1DD}.Ad-Hoc|iPhoneSimulator.Deploy.0 = Release|Any CPU
		{FFFF09F6-868B-489D-8AB7-33F275E9D1DD}.AppStore|Any CPU.ActiveCfg = Release|Any CPU
		{FFFF09F6-868B-489D-8AB7-33F275E9D1DD}.AppStore|Any CPU.Build.0 = Release|Any CPU
		{FFFF09F6-868B-489D-8AB7-33F275E9D1DD}.AppStore|Any CPU.Deploy.0 = Release|Any CPU
		{FFFF09F6-868B-489D-8AB7-33F275E9D1DD}.AppStore|iPhone.ActiveCfg = Release|Any CPU
		{FFFF09F6-868B-489D-8AB7-33F275E9D1DD}.AppStore|iPhone.Build.0 = Release|Any CPU
		{FFFF09F6-868B-489D-8AB7-33F275E9D1DD}.AppStore|iPhone.Deploy.0 = Release|Any CPU
		{FFFF09F6-868B-489D-8AB7-33F275E9D1DD}.AppStore|iPhoneSimulator.ActiveCfg = Release|Any CPU
		{FFFF09F6-868B-489D-8AB7-33F275E9D1DD}.AppStore|iPhoneSimulator.Build.0 = Release|Any CPU
		{FFFF09F6-868B-489D-8AB7-33F275E9D1DD}.AppStore|iPhoneSimulator.Deploy.0 = Release|Any CPU
		{FFFF09F6-868B-489D-8AB7-33F275E9D1DD}.Debug|Any CPU.ActiveCfg = Debug|Any CPU
		{FFFF09F6-868B-489D-8AB7-33F275E9D1DD}.Debug|Any CPU.Build.0 = Debug|Any CPU
		{FFFF09F6-868B-489D-8AB7-33F275E9D1DD}.Debug|Any CPU.Deploy.0 = Debug|Any CPU
		{FFFF09F6-868B-489D-8AB7-33F275E9D1DD}.Debug|iPhone.ActiveCfg = Debug|Any CPU
		{FFFF09F6-868B-489D-8AB7-33F275E9D1DD}.Debug|iPhone.Build.0 = Debug|Any CPU
		{FFFF09F6-868B-489D-8AB7-33F275E9D1DD}.Debug|iPhone.Deploy.0 = Debug|Any CPU
		{FFFF09F6-868B-489D-8AB7-33F275E9D1DD}.Debug|iPhoneSimulator.ActiveCfg = Debug|Any CPU
		{FFFF09F6-868B-489D-8AB7-33F275E9D1DD}.Debug|iPhoneSimulator.Build.0 = Debug|Any CPU
		{FFFF09F6-868B-489D-8AB7-33F275E9D1DD}.Debug|iPhoneSimulator.Deploy.0 = Debug|Any CPU
		{FFFF09F6-868B-489D-8AB7-33F275E9D1DD}.Release|Any CPU.ActiveCfg = Release|Any CPU
		{FFFF09F6-868B-489D-8AB7-33F275E9D1DD}.Release|Any CPU.Build.0 = Release|Any CPU
		{FFFF09F6-868B-489D-8AB7-33F275E9D1DD}.Release|Any CPU.Deploy.0 = Release|Any CPU
		{FFFF09F6-868B-489D-8AB7-33F275E9D1DD}.Release|iPhone.ActiveCfg = Release|Any CPU
		{FFFF09F6-868B-489D-8AB7-33F275E9D1DD}.Release|iPhone.Build.0 = Release|Any CPU
		{FFFF09F6-868B-489D-8AB7-33F275E9D1DD}.Release|iPhone.Deploy.0 = Release|Any CPU
		{FFFF09F6-868B-489D-8AB7-33F275E9D1DD}.Release|iPhoneSimulator.ActiveCfg = Release|Any CPU
		{FFFF09F6-868B-489D-8AB7-33F275E9D1DD}.Release|iPhoneSimulator.Build.0 = Release|Any CPU
		{FFFF09F6-868B-489D-8AB7-33F275E9D1DD}.Release|iPhoneSimulator.Deploy.0 = Release|Any CPU
		{70510D64-4B34-4D51-81CF-020EC5179CDA}.Ad-Hoc|Any CPU.ActiveCfg = Ad-Hoc|iPhone
		{70510D64-4B34-4D51-81CF-020EC5179CDA}.Ad-Hoc|iPhone.ActiveCfg = Ad-Hoc|iPhone
		{70510D64-4B34-4D51-81CF-020EC5179CDA}.Ad-Hoc|iPhone.Build.0 = Ad-Hoc|iPhone
		{70510D64-4B34-4D51-81CF-020EC5179CDA}.Ad-Hoc|iPhoneSimulator.ActiveCfg = Ad-Hoc|iPhoneSimulator
		{70510D64-4B34-4D51-81CF-020EC5179CDA}.Ad-Hoc|iPhoneSimulator.Build.0 = Ad-Hoc|iPhoneSimulator
		{70510D64-4B34-4D51-81CF-020EC5179CDA}.AppStore|Any CPU.ActiveCfg = AppStore|iPhone
		{70510D64-4B34-4D51-81CF-020EC5179CDA}.AppStore|iPhone.ActiveCfg = AppStore|iPhone
		{70510D64-4B34-4D51-81CF-020EC5179CDA}.AppStore|iPhone.Build.0 = AppStore|iPhone
		{70510D64-4B34-4D51-81CF-020EC5179CDA}.AppStore|iPhoneSimulator.ActiveCfg = AppStore|iPhoneSimulator
		{70510D64-4B34-4D51-81CF-020EC5179CDA}.AppStore|iPhoneSimulator.Build.0 = AppStore|iPhoneSimulator
		{70510D64-4B34-4D51-81CF-020EC5179CDA}.Debug|Any CPU.ActiveCfg = Debug|iPhone
		{70510D64-4B34-4D51-81CF-020EC5179CDA}.Debug|iPhone.ActiveCfg = Debug|iPhone
		{70510D64-4B34-4D51-81CF-020EC5179CDA}.Debug|iPhone.Build.0 = Debug|iPhone
		{70510D64-4B34-4D51-81CF-020EC5179CDA}.Debug|iPhoneSimulator.ActiveCfg = Debug|iPhoneSimulator
		{70510D64-4B34-4D51-81CF-020EC5179CDA}.Debug|iPhoneSimulator.Build.0 = Debug|iPhoneSimulator
		{70510D64-4B34-4D51-81CF-020EC5179CDA}.Release|Any CPU.ActiveCfg = Release|iPhone
		{70510D64-4B34-4D51-81CF-020EC5179CDA}.Release|iPhone.ActiveCfg = Release|iPhone
		{70510D64-4B34-4D51-81CF-020EC5179CDA}.Release|iPhone.Build.0 = Release|iPhone
		{70510D64-4B34-4D51-81CF-020EC5179CDA}.Release|iPhoneSimulator.ActiveCfg = Release|iPhoneSimulator
		{70510D64-4B34-4D51-81CF-020EC5179CDA}.Release|iPhoneSimulator.Build.0 = Release|iPhoneSimulator
	EndGlobalSection
	GlobalSection(SolutionProperties) = preSolution
		HideSolutionNode = FALSE
	EndGlobalSection
	GlobalSection(ExtensibilityGlobals) = postSolution
		SolutionGuid = {BF3220F3-4149-4448-A1EA-FE3FE7D78547}
	EndGlobalSection
EndGlobal
