
Microsoft Visual Studio Solution File, Format Version 12.00
# Visual Studio Version 16
VisualStudioVersion = 16.0.30204.135
MinimumVisualStudioVersion = 10.0.40219.1
Project("{FAE04EC0-301F-11D3-BF4B-00C04F79EFBC}") = "xf3031", "xf3031\xf3031\xf3031.csproj", "{B2E2EFBA-E2A4-4EC9-94F2-E7F3770CEB76}"
EndProject
Project("{FAE04EC0-301F-11D3-BF4B-00C04F79EFBC}") = "xf3031.Android", "xf3031\xf3031.Android\xf3031.Android.csproj", "{D939B215-4C30-4A3F-8D81-83AF35AFE360}"
EndProject
Project("{FAE04EC0-301F-11D3-BF4B-00C04F79EFBC}") = "xf3031.iOS", "xf3031\xf3031.iOS\xf3031.iOS.csproj", "{6579E66A-F79C-4F3E-B482-54844559F840}"
EndProject
Global
	GlobalSection(SolutionConfigurationPlatforms) = preSolution
		Ad-Hoc|Any CPU = Ad-Hoc|Any CPU
		Ad-Hoc|iPhone = Ad-Hoc|iPhone
		Ad-Hoc|iPhoneSimulator = Ad-Hoc|iPhoneSimulator
		AppStore|Any CPU = AppStore|Any CPU
		AppStore|iPhone = AppStore|iPhone
		AppStore|iPhoneSimulator = AppStore|iPhoneSimulator
		Debug|Any CPU = Debug|Any CPU
		Debug|iPhone = Debug|iPhone
		Debug|iPhoneSimulator = Debug|iPhoneSimulator
		Release|Any CPU = Release|Any CPU
		Release|iPhone = Release|iPhone
		Release|iPhoneSimulator = Release|iPhoneSimulator
	EndGlobalSection
	GlobalSection(ProjectConfigurationPlatforms) = postSolution
		{B2E2EFBA-E2A4-4EC9-94F2-E7F3770CEB76}.Ad-Hoc|Any CPU.ActiveCfg = Debug|Any CPU
		{B2E2EFBA-E2A4-4EC9-94F2-E7F3770CEB76}.Ad-Hoc|Any CPU.Build.0 = Debug|Any CPU
		{B2E2EFBA-E2A4-4EC9-94F2-E7F3770CEB76}.Ad-Hoc|iPhone.ActiveCfg = Debug|Any CPU
		{B2E2EFBA-E2A4-4EC9-94F2-E7F3770CEB76}.Ad-Hoc|iPhone.Build.0 = Debug|Any CPU
		{B2E2EFBA-E2A4-4EC9-94F2-E7F3770CEB76}.Ad-Hoc|iPhoneSimulator.ActiveCfg = Debug|Any CPU
		{B2E2EFBA-E2A4-4EC9-94F2-E7F3770CEB76}.Ad-Hoc|iPhoneSimulator.Build.0 = Debug|Any CPU
		{B2E2EFBA-E2A4-4EC9-94F2-E7F3770CEB76}.AppStore|Any CPU.ActiveCfg = Debug|Any CPU
		{B2E2EFBA-E2A4-4EC9-94F2-E7F3770CEB76}.AppStore|Any CPU.Build.0 = Debug|Any CPU
		{B2E2EFBA-E2A4-4EC9-94F2-E7F3770CEB76}.AppStore|iPhone.ActiveCfg = Debug|Any CPU
		{B2E2EFBA-E2A4-4EC9-94F2-E7F3770CEB76}.AppStore|iPhone.Build.0 = Debug|Any CPU
		{B2E2EFBA-E2A4-4EC9-94F2-E7F3770CEB76}.AppStore|iPhoneSimulator.ActiveCfg = Debug|Any CPU
		{B2E2EFBA-E2A4-4EC9-94F2-E7F3770CEB76}.AppStore|iPhoneSimulator.Build.0 = Debug|Any CPU
		{B2E2EFBA-E2A4-4EC9-94F2-E7F3770CEB76}.Debug|Any CPU.ActiveCfg = Debug|Any CPU
		{B2E2EFBA-E2A4-4EC9-94F2-E7F3770CEB76}.Debug|Any CPU.Build.0 = Debug|Any CPU
		{B2E2EFBA-E2A4-4EC9-94F2-E7F3770CEB76}.Debug|iPhone.ActiveCfg = Debug|Any CPU
		{B2E2EFBA-E2A4-4EC9-94F2-E7F3770CEB76}.Debug|iPhone.Build.0 = Debug|Any CPU
		{B2E2EFBA-E2A4-4EC9-94F2-E7F3770CEB76}.Debug|iPhoneSimulator.ActiveCfg = Debug|Any CPU
		{B2E2EFBA-E2A4-4EC9-94F2-E7F3770CEB76}.Debug|iPhoneSimulator.Build.0 = Debug|Any CPU
		{B2E2EFBA-E2A4-4EC9-94F2-E7F3770CEB76}.Release|Any CPU.ActiveCfg = Release|Any CPU
		{B2E2EFBA-E2A4-4EC9-94F2-E7F3770CEB76}.Release|Any CPU.Build.0 = Release|Any CPU
		{B2E2EFBA-E2A4-4EC9-94F2-E7F3770CEB76}.Release|iPhone.ActiveCfg = Release|Any CPU
		{B2E2EFBA-E2A4-4EC9-94F2-E7F3770CEB76}.Release|iPhone.Build.0 = Release|Any CPU
		{B2E2EFBA-E2A4-4EC9-94F2-E7F3770CEB76}.Release|iPhoneSimulator.ActiveCfg = Release|Any CPU
		{B2E2EFBA-E2A4-4EC9-94F2-E7F3770CEB76}.Release|iPhoneSimulator.Build.0 = Release|Any CPU
		{D939B215-4C30-4A3F-8D81-83AF35AFE360}.Ad-Hoc|Any CPU.ActiveCfg = Release|Any CPU
		{D939B215-4C30-4A3F-8D81-83AF35AFE360}.Ad-Hoc|Any CPU.Build.0 = Release|Any CPU
		{D939B215-4C30-4A3F-8D81-83AF35AFE360}.Ad-Hoc|Any CPU.Deploy.0 = Release|Any CPU
		{D939B215-4C30-4A3F-8D81-83AF35AFE360}.Ad-Hoc|iPhone.ActiveCfg = Release|Any CPU
		{D939B215-4C30-4A3F-8D81-83AF35AFE360}.Ad-Hoc|iPhone.Build.0 = Release|Any CPU
		{D939B215-4C30-4A3F-8D81-83AF35AFE360}.Ad-Hoc|iPhone.Deploy.0 = Release|Any CPU
		{D939B215-4C30-4A3F-8D81-83AF35AFE360}.Ad-Hoc|iPhoneSimulator.ActiveCfg = Release|Any CPU
		{D939B215-4C30-4A3F-8D81-83AF35AFE360}.Ad-Hoc|iPhoneSimulator.Build.0 = Release|Any CPU
		{D939B215-4C30-4A3F-8D81-83AF35AFE360}.Ad-Hoc|iPhoneSimulator.Deploy.0 = Release|Any CPU
		{D939B215-4C30-4A3F-8D81-83AF35AFE360}.AppStore|Any CPU.ActiveCfg = Release|Any CPU
		{D939B215-4C30-4A3F-8D81-83AF35AFE360}.AppStore|Any CPU.Build.0 = Release|Any CPU
		{D939B215-4C30-4A3F-8D81-83AF35AFE360}.AppStore|Any CPU.Deploy.0 = Release|Any CPU
		{D939B215-4C30-4A3F-8D81-83AF35AFE360}.AppStore|iPhone.ActiveCfg = Release|Any CPU
		{D939B215-4C30-4A3F-8D81-83AF35AFE360}.AppStore|iPhone.Build.0 = Release|Any CPU
		{D939B215-4C30-4A3F-8D81-83AF35AFE360}.AppStore|iPhone.Deploy.0 = Release|Any CPU
		{D939B215-4C30-4A3F-8D81-83AF35AFE360}.AppStore|iPhoneSimulator.ActiveCfg = Release|Any CPU
		{D939B215-4C30-4A3F-8D81-83AF35AFE360}.AppStore|iPhoneSimulator.Build.0 = Release|Any CPU
		{D939B215-4C30-4A3F-8D81-83AF35AFE360}.AppStore|iPhoneSimulator.Deploy.0 = Release|Any CPU
		{D939B215-4C30-4A3F-8D81-83AF35AFE360}.Debug|Any CPU.ActiveCfg = Debug|Any CPU
		{D939B215-4C30-4A3F-8D81-83AF35AFE360}.Debug|Any CPU.Build.0 = Debug|Any CPU
		{D939B215-4C30-4A3F-8D81-83AF35AFE360}.Debug|Any CPU.Deploy.0 = Debug|Any CPU
		{D939B215-4C30-4A3F-8D81-83AF35AFE360}.Debug|iPhone.ActiveCfg = Debug|Any CPU
		{D939B215-4C30-4A3F-8D81-83AF35AFE360}.Debug|iPhone.Build.0 = Debug|Any CPU
		{D939B215-4C30-4A3F-8D81-83AF35AFE360}.Debug|iPhone.Deploy.0 = Debug|Any CPU
		{D939B215-4C30-4A3F-8D81-83AF35AFE360}.Debug|iPhoneSimulator.ActiveCfg = Debug|Any CPU
		{D939B215-4C30-4A3F-8D81-83AF35AFE360}.Debug|iPhoneSimulator.Build.0 = Debug|Any CPU
		{D939B215-4C30-4A3F-8D81-83AF35AFE360}.Debug|iPhoneSimulator.Deploy.0 = Debug|Any CPU
		{D939B215-4C30-4A3F-8D81-83AF35AFE360}.Release|Any CPU.ActiveCfg = Release|Any CPU
		{D939B215-4C30-4A3F-8D81-83AF35AFE360}.Release|Any CPU.Build.0 = Release|Any CPU
		{D939B215-4C30-4A3F-8D81-83AF35AFE360}.Release|Any CPU.Deploy.0 = Release|Any CPU
		{D939B215-4C30-4A3F-8D81-83AF35AFE360}.Release|iPhone.ActiveCfg = Release|Any CPU
		{D939B215-4C30-4A3F-8D81-83AF35AFE360}.Release|iPhone.Build.0 = Release|Any CPU
		{D939B215-4C30-4A3F-8D81-83AF35AFE360}.Release|iPhone.Deploy.0 = Release|Any CPU
		{D939B215-4C30-4A3F-8D81-83AF35AFE360}.Release|iPhoneSimulator.ActiveCfg = Release|Any CPU
		{D939B215-4C30-4A3F-8D81-83AF35AFE360}.Release|iPhoneSimulator.Build.0 = Release|Any CPU
		{D939B215-4C30-4A3F-8D81-83AF35AFE360}.Release|iPhoneSimulator.Deploy.0 = Release|Any CPU
		{6579E66A-F79C-4F3E-B482-54844559F840}.Ad-Hoc|Any CPU.ActiveCfg = Ad-Hoc|iPhone
		{6579E66A-F79C-4F3E-B482-54844559F840}.Ad-Hoc|iPhone.ActiveCfg = Ad-Hoc|iPhone
		{6579E66A-F79C-4F3E-B482-54844559F840}.Ad-Hoc|iPhone.Build.0 = Ad-Hoc|iPhone
		{6579E66A-F79C-4F3E-B482-54844559F840}.Ad-Hoc|iPhoneSimulator.ActiveCfg = Ad-Hoc|iPhoneSimulator
		{6579E66A-F79C-4F3E-B482-54844559F840}.Ad-Hoc|iPhoneSimulator.Build.0 = Ad-Hoc|iPhoneSimulator
		{6579E66A-F79C-4F3E-B482-54844559F840}.AppStore|Any CPU.ActiveCfg = AppStore|iPhone
		{6579E66A-F79C-4F3E-B482-54844559F840}.AppStore|iPhone.ActiveCfg = AppStore|iPhone
		{6579E66A-F79C-4F3E-B482-54844559F840}.AppStore|iPhone.Build.0 = AppStore|iPhone
		{6579E66A-F79C-4F3E-B482-54844559F840}.AppStore|iPhoneSimulator.ActiveCfg = AppStore|iPhoneSimulator
		{6579E66A-F79C-4F3E-B482-54844559F840}.AppStore|iPhoneSimulator.Build.0 = AppStore|iPhoneSimulator
		{6579E66A-F79C-4F3E-B482-54844559F840}.Debug|Any CPU.ActiveCfg = Debug|iPhone
		{6579E66A-F79C-4F3E-B482-54844559F840}.Debug|iPhone.ActiveCfg = Debug|iPhone
		{6579E66A-F79C-4F3E-B482-54844559F840}.Debug|iPhone.Build.0 = Debug|iPhone
		{6579E66A-F79C-4F3E-B482-54844559F840}.Debug|iPhoneSimulator.ActiveCfg = Debug|iPhoneSimulator
		{6579E66A-F79C-4F3E-B482-54844559F840}.Debug|iPhoneSimulator.Build.0 = Debug|iPhoneSimulator
		{6579E66A-F79C-4F3E-B482-54844559F840}.Release|Any CPU.ActiveCfg = Release|iPhone
		{6579E66A-F79C-4F3E-B482-54844559F840}.Release|iPhone.ActiveCfg = Release|iPhone
		{6579E66A-F79C-4F3E-B482-54844559F840}.Release|iPhone.Build.0 = Release|iPhone
		{6579E66A-F79C-4F3E-B482-54844559F840}.Release|iPhoneSimulator.ActiveCfg = Release|iPhoneSimulator
		{6579E66A-F79C-4F3E-B482-54844559F840}.Release|iPhoneSimulator.Build.0 = Release|iPhoneSimulator
	EndGlobalSection
	GlobalSection(SolutionProperties) = preSolution
		HideSolutionNode = FALSE
	EndGlobalSection
	GlobalSection(ExtensibilityGlobals) = postSolution
		SolutionGuid = {3DE6830A-797E-4E64-A676-DF69A25F960A}
	EndGlobalSection
EndGlobal
