
Microsoft Visual Studio Solution File, Format Version 12.00
# Visual Studio Version 16
VisualStudioVersion = 16.0.30128.74
MinimumVisualStudioVersion = 10.0.40219.1
Project("{FAE04EC0-301F-11D3-BF4B-00C04F79EFBC}") = "XF2003", "XF2003\XF2003\XF2003.csproj", "{EAA5C18B-C258-4B37-8764-8D91D063FE7C}"
EndProject
Project("{FAE04EC0-301F-11D3-BF4B-00C04F79EFBC}") = "XF2003.Android", "XF2003\XF2003.Android\XF2003.Android.csproj", "{CCC1F430-87C0-4ED3-9F74-D751CC2980D3}"
EndProject
Project("{FAE04EC0-301F-11D3-BF4B-00C04F79EFBC}") = "XF2003.iOS", "XF2003\XF2003.iOS\XF2003.iOS.csproj", "{2918F641-11E8-4657-B210-8EF3DAD44960}"
EndProject
Global
	GlobalSection(SolutionConfigurationPlatforms) = preSolution
		Ad-Hoc|Any CPU = Ad-Hoc|Any CPU
		Ad-Hoc|iPhone = Ad-Hoc|iPhone
		Ad-Hoc|iPhoneSimulator = Ad-Hoc|iPhoneSimulator
		AppStore|Any CPU = AppStore|Any CPU
		AppStore|iPhone = AppStore|iPhone
		AppStore|iPhoneSimulator = AppStore|iPhoneSimulator
		Debug|Any CPU = Debug|Any CPU
		Debug|iPhone = Debug|iPhone
		Debug|iPhoneSimulator = Debug|iPhoneSimulator
		Release|Any CPU = Release|Any CPU
		Release|iPhone = Release|iPhone
		Release|iPhoneSimulator = Release|iPhoneSimulator
	EndGlobalSection
	GlobalSection(ProjectConfigurationPlatforms) = postSolution
		{EAA5C18B-C258-4B37-8764-8D91D063FE7C}.Ad-Hoc|Any CPU.ActiveCfg = Debug|Any CPU
		{EAA5C18B-C258-4B37-8764-8D91D063FE7C}.Ad-Hoc|Any CPU.Build.0 = Debug|Any CPU
		{EAA5C18B-C258-4B37-8764-8D91D063FE7C}.Ad-Hoc|iPhone.ActiveCfg = Debug|Any CPU
		{EAA5C18B-C258-4B37-8764-8D91D063FE7C}.Ad-Hoc|iPhone.Build.0 = Debug|Any CPU
		{EAA5C18B-C258-4B37-8764-8D91D063FE7C}.Ad-Hoc|iPhoneSimulator.ActiveCfg = Debug|Any CPU
		{EAA5C18B-C258-4B37-8764-8D91D063FE7C}.Ad-Hoc|iPhoneSimulator.Build.0 = Debug|Any CPU
		{EAA5C18B-C258-4B37-8764-8D91D063FE7C}.AppStore|Any CPU.ActiveCfg = Debug|Any CPU
		{EAA5C18B-C258-4B37-8764-8D91D063FE7C}.AppStore|Any CPU.Build.0 = Debug|Any CPU
		{EAA5C18B-C258-4B37-8764-8D91D063FE7C}.AppStore|iPhone.ActiveCfg = Debug|Any CPU
		{EAA5C18B-C258-4B37-8764-8D91D063FE7C}.AppStore|iPhone.Build.0 = Debug|Any CPU
		{EAA5C18B-C258-4B37-8764-8D91D063FE7C}.AppStore|iPhoneSimulator.ActiveCfg = Debug|Any CPU
		{EAA5C18B-C258-4B37-8764-8D91D063FE7C}.AppStore|iPhoneSimulator.Build.0 = Debug|Any CPU
		{EAA5C18B-C258-4B37-8764-8D91D063FE7C}.Debug|Any CPU.ActiveCfg = Debug|Any CPU
		{EAA5C18B-C258-4B37-8764-8D91D063FE7C}.Debug|Any CPU.Build.0 = Debug|Any CPU
		{EAA5C18B-C258-4B37-8764-8D91D063FE7C}.Debug|iPhone.ActiveCfg = Debug|Any CPU
		{EAA5C18B-C258-4B37-8764-8D91D063FE7C}.Debug|iPhone.Build.0 = Debug|Any CPU
		{EAA5C18B-C258-4B37-8764-8D91D063FE7C}.Debug|iPhoneSimulator.ActiveCfg = Debug|Any CPU
		{EAA5C18B-C258-4B37-8764-8D91D063FE7C}.Debug|iPhoneSimulator.Build.0 = Debug|Any CPU
		{EAA5C18B-C258-4B37-8764-8D91D063FE7C}.Release|Any CPU.ActiveCfg = Release|Any CPU
		{EAA5C18B-C258-4B37-8764-8D91D063FE7C}.Release|Any CPU.Build.0 = Release|Any CPU
		{EAA5C18B-C258-4B37-8764-8D91D063FE7C}.Release|iPhone.ActiveCfg = Release|Any CPU
		{EAA5C18B-C258-4B37-8764-8D91D063FE7C}.Release|iPhone.Build.0 = Release|Any CPU
		{EAA5C18B-C258-4B37-8764-8D91D063FE7C}.Release|iPhoneSimulator.ActiveCfg = Release|Any CPU
		{EAA5C18B-C258-4B37-8764-8D91D063FE7C}.Release|iPhoneSimulator.Build.0 = Release|Any CPU
		{CCC1F430-87C0-4ED3-9F74-D751CC2980D3}.Ad-Hoc|Any CPU.ActiveCfg = Release|Any CPU
		{CCC1F430-87C0-4ED3-9F74-D751CC2980D3}.Ad-Hoc|Any CPU.Build.0 = Release|Any CPU
		{CCC1F430-87C0-4ED3-9F74-D751CC2980D3}.Ad-Hoc|Any CPU.Deploy.0 = Release|Any CPU
		{CCC1F430-87C0-4ED3-9F74-D751CC2980D3}.Ad-Hoc|iPhone.ActiveCfg = Release|Any CPU
		{CCC1F430-87C0-4ED3-9F74-D751CC2980D3}.Ad-Hoc|iPhone.Build.0 = Release|Any CPU
		{CCC1F430-87C0-4ED3-9F74-D751CC2980D3}.Ad-Hoc|iPhone.Deploy.0 = Release|Any CPU
		{CCC1F430-87C0-4ED3-9F74-D751CC2980D3}.Ad-Hoc|iPhoneSimulator.ActiveCfg = Release|Any CPU
		{CCC1F430-87C0-4ED3-9F74-D751CC2980D3}.Ad-Hoc|iPhoneSimulator.Build.0 = Release|Any CPU
		{CCC1F430-87C0-4ED3-9F74-D751CC2980D3}.Ad-Hoc|iPhoneSimulator.Deploy.0 = Release|Any CPU
		{CCC1F430-87C0-4ED3-9F74-D751CC2980D3}.AppStore|Any CPU.ActiveCfg = Release|Any CPU
		{CCC1F430-87C0-4ED3-9F74-D751CC2980D3}.AppStore|Any CPU.Build.0 = Release|Any CPU
		{CCC1F430-87C0-4ED3-9F74-D751CC2980D3}.AppStore|Any CPU.Deploy.0 = Release|Any CPU
		{CCC1F430-87C0-4ED3-9F74-D751CC2980D3}.AppStore|iPhone.ActiveCfg = Release|Any CPU
		{CCC1F430-87C0-4ED3-9F74-D751CC2980D3}.AppStore|iPhone.Build.0 = Release|Any CPU
		{CCC1F430-87C0-4ED3-9F74-D751CC2980D3}.AppStore|iPhone.Deploy.0 = Release|Any CPU
		{CCC1F430-87C0-4ED3-9F74-D751CC2980D3}.AppStore|iPhoneSimulator.ActiveCfg = Release|Any CPU
		{CCC1F430-87C0-4ED3-9F74-D751CC2980D3}.AppStore|iPhoneSimulator.Build.0 = Release|Any CPU
		{CCC1F430-87C0-4ED3-9F74-D751CC2980D3}.AppStore|iPhoneSimulator.Deploy.0 = Release|Any CPU
		{CCC1F430-87C0-4ED3-9F74-D751CC2980D3}.Debug|Any CPU.ActiveCfg = Debug|Any CPU
		{CCC1F430-87C0-4ED3-9F74-D751CC2980D3}.Debug|Any CPU.Build.0 = Debug|Any CPU
		{CCC1F430-87C0-4ED3-9F74-D751CC2980D3}.Debug|Any CPU.Deploy.0 = Debug|Any CPU
		{CCC1F430-87C0-4ED3-9F74-D751CC2980D3}.Debug|iPhone.ActiveCfg = Debug|Any CPU
		{CCC1F430-87C0-4ED3-9F74-D751CC2980D3}.Debug|iPhone.Build.0 = Debug|Any CPU
		{CCC1F430-87C0-4ED3-9F74-D751CC2980D3}.Debug|iPhone.Deploy.0 = Debug|Any CPU
		{CCC1F430-87C0-4ED3-9F74-D751CC2980D3}.Debug|iPhoneSimulator.ActiveCfg = Debug|Any CPU
		{CCC1F430-87C0-4ED3-9F74-D751CC2980D3}.Debug|iPhoneSimulator.Build.0 = Debug|Any CPU
		{CCC1F430-87C0-4ED3-9F74-D751CC2980D3}.Debug|iPhoneSimulator.Deploy.0 = Debug|Any CPU
		{CCC1F430-87C0-4ED3-9F74-D751CC2980D3}.Release|Any CPU.ActiveCfg = Release|Any CPU
		{CCC1F430-87C0-4ED3-9F74-D751CC2980D3}.Release|Any CPU.Build.0 = Release|Any CPU
		{CCC1F430-87C0-4ED3-9F74-D751CC2980D3}.Release|Any CPU.Deploy.0 = Release|Any CPU
		{CCC1F430-87C0-4ED3-9F74-D751CC2980D3}.Release|iPhone.ActiveCfg = Release|Any CPU
		{CCC1F430-87C0-4ED3-9F74-D751CC2980D3}.Release|iPhone.Build.0 = Release|Any CPU
		{CCC1F430-87C0-4ED3-9F74-D751CC2980D3}.Release|iPhone.Deploy.0 = Release|Any CPU
		{CCC1F430-87C0-4ED3-9F74-D751CC2980D3}.Release|iPhoneSimulator.ActiveCfg = Release|Any CPU
		{CCC1F430-87C0-4ED3-9F74-D751CC2980D3}.Release|iPhoneSimulator.Build.0 = Release|Any CPU
		{CCC1F430-87C0-4ED3-9F74-D751CC2980D3}.Release|iPhoneSimulator.Deploy.0 = Release|Any CPU
		{2918F641-11E8-4657-B210-8EF3DAD44960}.Ad-Hoc|Any CPU.ActiveCfg = Ad-Hoc|iPhone
		{2918F641-11E8-4657-B210-8EF3DAD44960}.Ad-Hoc|iPhone.ActiveCfg = Ad-Hoc|iPhone
		{2918F641-11E8-4657-B210-8EF3DAD44960}.Ad-Hoc|iPhone.Build.0 = Ad-Hoc|iPhone
		{2918F641-11E8-4657-B210-8EF3DAD44960}.Ad-Hoc|iPhoneSimulator.ActiveCfg = Ad-Hoc|iPhoneSimulator
		{2918F641-11E8-4657-B210-8EF3DAD44960}.Ad-Hoc|iPhoneSimulator.Build.0 = Ad-Hoc|iPhoneSimulator
		{2918F641-11E8-4657-B210-8EF3DAD44960}.AppStore|Any CPU.ActiveCfg = AppStore|iPhone
		{2918F641-11E8-4657-B210-8EF3DAD44960}.AppStore|iPhone.ActiveCfg = AppStore|iPhone
		{2918F641-11E8-4657-B210-8EF3DAD44960}.AppStore|iPhone.Build.0 = AppStore|iPhone
		{2918F641-11E8-4657-B210-8EF3DAD44960}.AppStore|iPhoneSimulator.ActiveCfg = AppStore|iPhoneSimulator
		{2918F641-11E8-4657-B210-8EF3DAD44960}.AppStore|iPhoneSimulator.Build.0 = AppStore|iPhoneSimulator
		{2918F641-11E8-4657-B210-8EF3DAD44960}.Debug|Any CPU.ActiveCfg = Debug|iPhone
		{2918F641-11E8-4657-B210-8EF3DAD44960}.Debug|iPhone.ActiveCfg = Debug|iPhone
		{2918F641-11E8-4657-B210-8EF3DAD44960}.Debug|iPhone.Build.0 = Debug|iPhone
		{2918F641-11E8-4657-B210-8EF3DAD44960}.Debug|iPhoneSimulator.ActiveCfg = Debug|iPhoneSimulator
		{2918F641-11E8-4657-B210-8EF3DAD44960}.Debug|iPhoneSimulator.Build.0 = Debug|iPhoneSimulator
		{2918F641-11E8-4657-B210-8EF3DAD44960}.Release|Any CPU.ActiveCfg = Release|iPhone
		{2918F641-11E8-4657-B210-8EF3DAD44960}.Release|iPhone.ActiveCfg = Release|iPhone
		{2918F641-11E8-4657-B210-8EF3DAD44960}.Release|iPhone.Build.0 = Release|iPhone
		{2918F641-11E8-4657-B210-8EF3DAD44960}.Release|iPhoneSimulator.ActiveCfg = Release|iPhoneSimulator
		{2918F641-11E8-4657-B210-8EF3DAD44960}.Release|iPhoneSimulator.Build.0 = Release|iPhoneSimulator
	EndGlobalSection
	GlobalSection(SolutionProperties) = preSolution
		HideSolutionNode = FALSE
	EndGlobalSection
	GlobalSection(ExtensibilityGlobals) = postSolution
		SolutionGuid = {CE21E63B-11FA-413A-8C6F-A8FD7BBFCB9F}
	EndGlobalSection
EndGlobal
